// !$*UTF8*$!
{
	archiveVersion = 1;
	classes = {
	};
	objectVersion = 46;
	objects = {

/* Begin PBXBuildFile section */
		240A45831D1C69EE00CFD0DA /* SameTypeConverter.swift in Sources */ = {isa = PBXBuildFile; fileRef = 240A45811D1C69EE00CFD0DA /* SameTypeConverter.swift */; };
		240A45841D1C69EE00CFD0DA /* ConverterType.swift in Sources */ = {isa = PBXBuildFile; fileRef = 240A45821D1C69EE00CFD0DA /* ConverterType.swift */; };
		240A45861D1C6D9900CFD0DA /* StoreDataProvider+Async.swift in Sources */ = {isa = PBXBuildFile; fileRef = 240A45851D1C6D9900CFD0DA /* StoreDataProvider+Async.swift */; };
		240A45881D1C7D4300CFD0DA /* AbstractApiClient.swift in Sources */ = {isa = PBXBuildFile; fileRef = 240A45871D1C7D4300CFD0DA /* AbstractApiClient.swift */; };
		2418B0D81D0D7E8300B72488 /* SomaKit.h in Headers */ = {isa = PBXBuildFile; fileRef = 2418B0D71D0D7E8300B72488 /* SomaKit.h */; settings = {ATTRIBUTES = (Public, ); }; };
		2418B0E41D0D7F2C00B72488 /* Log.swift in Sources */ = {isa = PBXBuildFile; fileRef = 2418B0E31D0D7F2C00B72488 /* Log.swift */; };
		2418B0E61D0D8DBD00B72488 /* Log+Extension.swift in Sources */ = {isa = PBXBuildFile; fileRef = 2418B0E51D0D8DBD00B72488 /* Log+Extension.swift */; };
		2418B0E81D0D8E0400B72488 /* NativeLogProcessor.swift in Sources */ = {isa = PBXBuildFile; fileRef = 2418B0E71D0D8E0400B72488 /* NativeLogProcessor.swift */; };
		24250C471D1DEC0300D208DF /* UnsafeJSONMapper.swift in Sources */ = {isa = PBXBuildFile; fileRef = 24250C461D1DEC0300D208DF /* UnsafeJSONMapper.swift */; };
		24250C491D1DEC2E00D208DF /* JSONMappingConverter.swift in Sources */ = {isa = PBXBuildFile; fileRef = 24250C481D1DEC2E00D208DF /* JSONMappingConverter.swift */; };
		24250C4D1D1DF40D00D208DF /* MemoryStore.swift in Sources */ = {isa = PBXBuildFile; fileRef = 24250C4C1D1DF40D00D208DF /* MemoryStore.swift */; };
		24250C4F1D1DF6B600D208DF /* AnyStore.swift in Sources */ = {isa = PBXBuildFile; fileRef = 24250C4E1D1DF6B600D208DF /* AnyStore.swift */; };
		24250C541D1DFA1B00D208DF /* UserDefaultsStore.swift in Sources */ = {isa = PBXBuildFile; fileRef = 24250C531D1DFA1B00D208DF /* UserDefaultsStore.swift */; };
		24250C561D1DFE3500D208DF /* AbstractDataBaseStore.swift in Sources */ = {isa = PBXBuildFile; fileRef = 24250C551D1DFE3500D208DF /* AbstractDataBaseStore.swift */; };
		242898A41D1D1D1E001807E5 /* AnyConverter.swift in Sources */ = {isa = PBXBuildFile; fileRef = 242898A31D1D1D1E001807E5 /* AnyConverter.swift */; };
		24294DFA1D1F3B5800A975EA /* CacheValue.swift in Sources */ = {isa = PBXBuildFile; fileRef = 24294DF91D1F3B5800A975EA /* CacheValue.swift */; };
		24294DFC1D1F3E0600A975EA /* CacheStore.swift in Sources */ = {isa = PBXBuildFile; fileRef = 24294DFB1D1F3E0600A975EA /* CacheStore.swift */; };
		24294DFE1D1F438B00A975EA /* MemoryCache.swift in Sources */ = {isa = PBXBuildFile; fileRef = 24294DFD1D1F438B00A975EA /* MemoryCache.swift */; };
		24294E021D1F46E100A975EA /* CacheManagedObject.swift in Sources */ = {isa = PBXBuildFile; fileRef = 24294E011D1F46E100A975EA /* CacheManagedObject.swift */; };
		24294E041D1F482000A975EA /* DataBaseCache.swift in Sources */ = {isa = PBXBuildFile; fileRef = 24294E031D1F482000A975EA /* DataBaseCache.swift */; };
		24294E061D1F51F800A975EA /* CacheableDataProvider.swift in Sources */ = {isa = PBXBuildFile; fileRef = 24294E051D1F51F800A975EA /* CacheableDataProvider.swift */; };
		242AC25C1D19FD4200CEB18C /* RequestError.swift in Sources */ = {isa = PBXBuildFile; fileRef = 242AC25B1D19FD4200CEB18C /* RequestError.swift */; };
		243CD8DA1D10C32D002EE79F /* RequestType.swift in Sources */ = {isa = PBXBuildFile; fileRef = 243CD8D91D10C32D002EE79F /* RequestType.swift */; };
		243CD8DC1D10C46D002EE79F /* AnyRequest.swift in Sources */ = {isa = PBXBuildFile; fileRef = 243CD8DB1D10C46D002EE79F /* AnyRequest.swift */; };
		243EC4B01D1B55C1006BBC49 /* StoreType.swift in Sources */ = {isa = PBXBuildFile; fileRef = 243EC4AF1D1B55C1006BBC49 /* StoreType.swift */; };
		243EC4B21D1B5680006BBC49 /* StoreDataProvider.swift in Sources */ = {isa = PBXBuildFile; fileRef = 243EC4B11D1B5680006BBC49 /* StoreDataProvider.swift */; };
		243F99731D1298F8000E979A /* ApiRequest.swift in Sources */ = {isa = PBXBuildFile; fileRef = 243F99721D1298F8000E979A /* ApiRequest.swift */; };
		247E38581D1F6E8A00E6904D /* Observable+Log.swift in Sources */ = {isa = PBXBuildFile; fileRef = 247E38571D1F6E8A00E6904D /* Observable+Log.swift */; };
		249CBDE01D1C95890097C75E /* DefaultValueType.swift in Sources */ = {isa = PBXBuildFile; fileRef = 249CBDD91D1C95890097C75E /* DefaultValueType.swift */; };
		249CBDE11D1C95890097C75E /* Observable+Nil.swift in Sources */ = {isa = PBXBuildFile; fileRef = 249CBDDA1D1C95890097C75E /* Observable+Nil.swift */; };
		249CBDE21D1C95890097C75E /* OptionalType.swift in Sources */ = {isa = PBXBuildFile; fileRef = 249CBDDB1D1C95890097C75E /* OptionalType.swift */; };
		249CBDE31D1C95890097C75E /* SomaError.swift in Sources */ = {isa = PBXBuildFile; fileRef = 249CBDDC1D1C95890097C75E /* SomaError.swift */; };
		249CBDE41D1C95890097C75E /* SomaFunc.swift in Sources */ = {isa = PBXBuildFile; fileRef = 249CBDDD1D1C95890097C75E /* SomaFunc.swift */; };
		249CBDE51D1C95890097C75E /* Synchronized.swift in Sources */ = {isa = PBXBuildFile; fileRef = 249CBDDE1D1C95890097C75E /* Synchronized.swift */; };
		249CBDE61D1C95890097C75E /* Utils.swift in Sources */ = {isa = PBXBuildFile; fileRef = 249CBDDF1D1C95890097C75E /* Utils.swift */; };
		249CBDED1D1C95950097C75E /* AnyDataProvider.swift in Sources */ = {isa = PBXBuildFile; fileRef = 249CBDE81D1C95950097C75E /* AnyDataProvider.swift */; };
		249CBDEF1D1C95950097C75E /* DataProviderType.swift in Sources */ = {isa = PBXBuildFile; fileRef = 249CBDEA1D1C95950097C75E /* DataProviderType.swift */; };
		249CBDF11D1C95950097C75E /* TransformDataProvider.swift in Sources */ = {isa = PBXBuildFile; fileRef = 249CBDEC1D1C95950097C75E /* TransformDataProvider.swift */; };
		249CBDF31D1C95FF0097C75E /* Request+DataLoader.swift in Sources */ = {isa = PBXBuildFile; fileRef = 249CBDF21D1C95FF0097C75E /* Request+DataLoader.swift */; };
		249CBDF51D1C98E70097C75E /* Collection+Extension.swift in Sources */ = {isa = PBXBuildFile; fileRef = 249CBDF41D1C98E70097C75E /* Collection+Extension.swift */; };
		24A243B31D1ECB1E00128012 /* DataProviderConvertibleType.swift in Sources */ = {isa = PBXBuildFile; fileRef = 24A243B21D1ECB1E00128012 /* DataProviderConvertibleType.swift */; };
		24A243B51D1ED0E400128012 /* TransformStore.swift in Sources */ = {isa = PBXBuildFile; fileRef = 24A243B41D1ED0E400128012 /* TransformStore.swift */; };
		24A243B71D1ED22D00128012 /* ConverterConvertibleType.swift in Sources */ = {isa = PBXBuildFile; fileRef = 24A243B61D1ED22D00128012 /* ConverterConvertibleType.swift */; };
		24A243BB1D1EDCBE00128012 /* StoreConvertibleType.swift in Sources */ = {isa = PBXBuildFile; fileRef = 24A243BA1D1EDCBE00128012 /* StoreConvertibleType.swift */; };
		24A243BD1D1EDDEE00128012 /* RequestConvertibleType.swift in Sources */ = {isa = PBXBuildFile; fileRef = 24A243BC1D1EDDEE00128012 /* RequestConvertibleType.swift */; };
		24A243BF1D1EDF6800128012 /* Observable+DataProviderType.swift in Sources */ = {isa = PBXBuildFile; fileRef = 24A243BE1D1EDF6800128012 /* Observable+DataProviderType.swift */; };
		24E07E011D1EAEFF006B2914 /* StoreType+Async.swift in Sources */ = {isa = PBXBuildFile; fileRef = 24E07E001D1EAEFF006B2914 /* StoreType+Async.swift */; };
		24E07E031D1EC16F006B2914 /* DataLoader.swift in Sources */ = {isa = PBXBuildFile; fileRef = 24E07E021D1EC16F006B2914 /* DataLoader.swift */; };
		24E4F5B71D1EEDB400F65297 /* URLConvertible.swift in Sources */ = {isa = PBXBuildFile; fileRef = 24E4F5B61D1EEDB400F65297 /* URLConvertible.swift */; };
		24EA198D1D1E88E1009A5301 /* PagedDataProvider.swift in Sources */ = {isa = PBXBuildFile; fileRef = 24EA198C1D1E88E1009A5301 /* PagedDataProvider.swift */; };
		BAD7EEB694F1856A96767CC2 /* Pods_SomaKit.framework in Frameworks */ = {isa = PBXBuildFile; fileRef = 4E6C592268BFE55E26AEC882 /* Pods_SomaKit.framework */; };
/* End PBXBuildFile section */

/* Begin PBXFileReference section */
		216C639878F819C8B77F8C16 /* Pods-SomaKit.debug.xcconfig */ = {isa = PBXFileReference; includeInIndex = 1; lastKnownFileType = text.xcconfig; name = "Pods-SomaKit.debug.xcconfig"; path = "Pods/Target Support Files/Pods-SomaKit/Pods-SomaKit.debug.xcconfig"; sourceTree = "<group>"; };
		240A45811D1C69EE00CFD0DA /* SameTypeConverter.swift */ = {isa = PBXFileReference; fileEncoding = 4; lastKnownFileType = sourcecode.swift; path = SameTypeConverter.swift; sourceTree = "<group>"; };
		240A45821D1C69EE00CFD0DA /* ConverterType.swift */ = {isa = PBXFileReference; fileEncoding = 4; lastKnownFileType = sourcecode.swift; path = ConverterType.swift; sourceTree = "<group>"; };
		240A45851D1C6D9900CFD0DA /* StoreDataProvider+Async.swift */ = {isa = PBXFileReference; fileEncoding = 4; lastKnownFileType = sourcecode.swift; path = "StoreDataProvider+Async.swift"; sourceTree = "<group>"; };
		240A45871D1C7D4300CFD0DA /* AbstractApiClient.swift */ = {isa = PBXFileReference; fileEncoding = 4; lastKnownFileType = sourcecode.swift; path = AbstractApiClient.swift; sourceTree = "<group>"; };
		2418B0D41D0D7E8300B72488 /* SomaKit.framework */ = {isa = PBXFileReference; explicitFileType = wrapper.framework; includeInIndex = 0; path = SomaKit.framework; sourceTree = BUILT_PRODUCTS_DIR; };
		2418B0D71D0D7E8300B72488 /* SomaKit.h */ = {isa = PBXFileReference; lastKnownFileType = sourcecode.c.h; path = SomaKit.h; sourceTree = "<group>"; };
		2418B0D91D0D7E8300B72488 /* Info.plist */ = {isa = PBXFileReference; lastKnownFileType = text.plist.xml; path = Info.plist; sourceTree = "<group>"; };
		2418B0E31D0D7F2C00B72488 /* Log.swift */ = {isa = PBXFileReference; fileEncoding = 4; lastKnownFileType = sourcecode.swift; path = Log.swift; sourceTree = "<group>"; };
		2418B0E51D0D8DBD00B72488 /* Log+Extension.swift */ = {isa = PBXFileReference; fileEncoding = 4; lastKnownFileType = sourcecode.swift; path = "Log+Extension.swift"; sourceTree = "<group>"; };
		2418B0E71D0D8E0400B72488 /* NativeLogProcessor.swift */ = {isa = PBXFileReference; fileEncoding = 4; lastKnownFileType = sourcecode.swift; path = NativeLogProcessor.swift; sourceTree = "<group>"; };
		24250C461D1DEC0300D208DF /* UnsafeJSONMapper.swift */ = {isa = PBXFileReference; fileEncoding = 4; lastKnownFileType = sourcecode.swift; path = UnsafeJSONMapper.swift; sourceTree = "<group>"; };
		24250C481D1DEC2E00D208DF /* JSONMappingConverter.swift */ = {isa = PBXFileReference; fileEncoding = 4; lastKnownFileType = sourcecode.swift; path = JSONMappingConverter.swift; sourceTree = "<group>"; };
		24250C4C1D1DF40D00D208DF /* MemoryStore.swift */ = {isa = PBXFileReference; fileEncoding = 4; lastKnownFileType = sourcecode.swift; path = MemoryStore.swift; sourceTree = "<group>"; };
		24250C4E1D1DF6B600D208DF /* AnyStore.swift */ = {isa = PBXFileReference; fileEncoding = 4; lastKnownFileType = sourcecode.swift; path = AnyStore.swift; sourceTree = "<group>"; };
		24250C531D1DFA1B00D208DF /* UserDefaultsStore.swift */ = {isa = PBXFileReference; fileEncoding = 4; lastKnownFileType = sourcecode.swift; path = UserDefaultsStore.swift; sourceTree = "<group>"; };
		24250C551D1DFE3500D208DF /* AbstractDataBaseStore.swift */ = {isa = PBXFileReference; fileEncoding = 4; lastKnownFileType = sourcecode.swift; path = AbstractDataBaseStore.swift; sourceTree = "<group>"; };
		242898A31D1D1D1E001807E5 /* AnyConverter.swift */ = {isa = PBXFileReference; fileEncoding = 4; lastKnownFileType = sourcecode.swift; path = AnyConverter.swift; sourceTree = "<group>"; };
		24294DF91D1F3B5800A975EA /* CacheValue.swift */ = {isa = PBXFileReference; fileEncoding = 4; lastKnownFileType = sourcecode.swift; path = CacheValue.swift; sourceTree = "<group>"; };
		24294DFB1D1F3E0600A975EA /* CacheStore.swift */ = {isa = PBXFileReference; fileEncoding = 4; lastKnownFileType = sourcecode.swift; path = CacheStore.swift; sourceTree = "<group>"; };
		24294DFD1D1F438B00A975EA /* MemoryCache.swift */ = {isa = PBXFileReference; fileEncoding = 4; lastKnownFileType = sourcecode.swift; path = MemoryCache.swift; sourceTree = "<group>"; };
		24294E011D1F46E100A975EA /* CacheManagedObject.swift */ = {isa = PBXFileReference; fileEncoding = 4; lastKnownFileType = sourcecode.swift; path = CacheManagedObject.swift; sourceTree = "<group>"; };
		24294E031D1F482000A975EA /* DataBaseCache.swift */ = {isa = PBXFileReference; fileEncoding = 4; lastKnownFileType = sourcecode.swift; path = DataBaseCache.swift; sourceTree = "<group>"; };
		24294E051D1F51F800A975EA /* CacheableDataProvider.swift */ = {isa = PBXFileReference; fileEncoding = 4; lastKnownFileType = sourcecode.swift; path = CacheableDataProvider.swift; sourceTree = "<group>"; };
		242AC25B1D19FD4200CEB18C /* RequestError.swift */ = {isa = PBXFileReference; fileEncoding = 4; lastKnownFileType = sourcecode.swift; path = RequestError.swift; sourceTree = "<group>"; };
		243CD8D91D10C32D002EE79F /* RequestType.swift */ = {isa = PBXFileReference; fileEncoding = 4; lastKnownFileType = sourcecode.swift; path = RequestType.swift; sourceTree = "<group>"; };
		243CD8DB1D10C46D002EE79F /* AnyRequest.swift */ = {isa = PBXFileReference; fileEncoding = 4; lastKnownFileType = sourcecode.swift; path = AnyRequest.swift; sourceTree = "<group>"; };
		243EC4AF1D1B55C1006BBC49 /* StoreType.swift */ = {isa = PBXFileReference; fileEncoding = 4; lastKnownFileType = sourcecode.swift; path = StoreType.swift; sourceTree = "<group>"; };
		243EC4B11D1B5680006BBC49 /* StoreDataProvider.swift */ = {isa = PBXFileReference; fileEncoding = 4; lastKnownFileType = sourcecode.swift; path = StoreDataProvider.swift; sourceTree = "<group>"; };
		243F99721D1298F8000E979A /* ApiRequest.swift */ = {isa = PBXFileReference; fileEncoding = 4; lastKnownFileType = sourcecode.swift; path = ApiRequest.swift; sourceTree = "<group>"; };
		247E38571D1F6E8A00E6904D /* Observable+Log.swift */ = {isa = PBXFileReference; fileEncoding = 4; lastKnownFileType = sourcecode.swift; path = "Observable+Log.swift"; sourceTree = "<group>"; };
		249CBDD91D1C95890097C75E /* DefaultValueType.swift */ = {isa = PBXFileReference; fileEncoding = 4; lastKnownFileType = sourcecode.swift; path = DefaultValueType.swift; sourceTree = "<group>"; };
		249CBDDA1D1C95890097C75E /* Observable+Nil.swift */ = {isa = PBXFileReference; fileEncoding = 4; lastKnownFileType = sourcecode.swift; path = "Observable+Nil.swift"; sourceTree = "<group>"; };
		249CBDDB1D1C95890097C75E /* OptionalType.swift */ = {isa = PBXFileReference; fileEncoding = 4; lastKnownFileType = sourcecode.swift; path = OptionalType.swift; sourceTree = "<group>"; };
		249CBDDC1D1C95890097C75E /* SomaError.swift */ = {isa = PBXFileReference; fileEncoding = 4; lastKnownFileType = sourcecode.swift; path = SomaError.swift; sourceTree = "<group>"; };
		249CBDDD1D1C95890097C75E /* SomaFunc.swift */ = {isa = PBXFileReference; fileEncoding = 4; lastKnownFileType = sourcecode.swift; path = SomaFunc.swift; sourceTree = "<group>"; };
		249CBDDE1D1C95890097C75E /* Synchronized.swift */ = {isa = PBXFileReference; fileEncoding = 4; lastKnownFileType = sourcecode.swift; path = Synchronized.swift; sourceTree = "<group>"; };
		249CBDDF1D1C95890097C75E /* Utils.swift */ = {isa = PBXFileReference; fileEncoding = 4; lastKnownFileType = sourcecode.swift; path = Utils.swift; sourceTree = "<group>"; };
		249CBDE81D1C95950097C75E /* AnyDataProvider.swift */ = {isa = PBXFileReference; fileEncoding = 4; lastKnownFileType = sourcecode.swift; path = AnyDataProvider.swift; sourceTree = "<group>"; };
		249CBDEA1D1C95950097C75E /* DataProviderType.swift */ = {isa = PBXFileReference; fileEncoding = 4; lastKnownFileType = sourcecode.swift; path = DataProviderType.swift; sourceTree = "<group>"; };
		249CBDEC1D1C95950097C75E /* TransformDataProvider.swift */ = {isa = PBXFileReference; fileEncoding = 4; lastKnownFileType = sourcecode.swift; path = TransformDataProvider.swift; sourceTree = "<group>"; };
		249CBDF21D1C95FF0097C75E /* Request+DataLoader.swift */ = {isa = PBXFileReference; fileEncoding = 4; lastKnownFileType = sourcecode.swift; name = "Request+DataLoader.swift"; path = "SomaKit/Core/Network/Request+DataLoader.swift"; sourceTree = SOURCE_ROOT; };
		249CBDF41D1C98E70097C75E /* Collection+Extension.swift */ = {isa = PBXFileReference; fileEncoding = 4; lastKnownFileType = sourcecode.swift; path = "Collection+Extension.swift"; sourceTree = "<group>"; };
		24A243B21D1ECB1E00128012 /* DataProviderConvertibleType.swift */ = {isa = PBXFileReference; fileEncoding = 4; lastKnownFileType = sourcecode.swift; path = DataProviderConvertibleType.swift; sourceTree = "<group>"; };
		24A243B41D1ED0E400128012 /* TransformStore.swift */ = {isa = PBXFileReference; fileEncoding = 4; lastKnownFileType = sourcecode.swift; path = TransformStore.swift; sourceTree = "<group>"; };
		24A243B61D1ED22D00128012 /* ConverterConvertibleType.swift */ = {isa = PBXFileReference; fileEncoding = 4; lastKnownFileType = sourcecode.swift; path = ConverterConvertibleType.swift; sourceTree = "<group>"; };
		24A243BA1D1EDCBE00128012 /* StoreConvertibleType.swift */ = {isa = PBXFileReference; fileEncoding = 4; lastKnownFileType = sourcecode.swift; path = StoreConvertibleType.swift; sourceTree = "<group>"; };
		24A243BC1D1EDDEE00128012 /* RequestConvertibleType.swift */ = {isa = PBXFileReference; fileEncoding = 4; lastKnownFileType = sourcecode.swift; path = RequestConvertibleType.swift; sourceTree = "<group>"; };
		24A243BE1D1EDF6800128012 /* Observable+DataProviderType.swift */ = {isa = PBXFileReference; fileEncoding = 4; lastKnownFileType = sourcecode.swift; path = "Observable+DataProviderType.swift"; sourceTree = "<group>"; };
		24E07E001D1EAEFF006B2914 /* StoreType+Async.swift */ = {isa = PBXFileReference; fileEncoding = 4; lastKnownFileType = sourcecode.swift; path = "StoreType+Async.swift"; sourceTree = "<group>"; };
		24E07E021D1EC16F006B2914 /* DataLoader.swift */ = {isa = PBXFileReference; fileEncoding = 4; lastKnownFileType = sourcecode.swift; path = DataLoader.swift; sourceTree = "<group>"; };
		24E4F5B61D1EEDB400F65297 /* URLConvertible.swift */ = {isa = PBXFileReference; fileEncoding = 4; lastKnownFileType = sourcecode.swift; path = URLConvertible.swift; sourceTree = "<group>"; };
		24EA198C1D1E88E1009A5301 /* PagedDataProvider.swift */ = {isa = PBXFileReference; fileEncoding = 4; lastKnownFileType = sourcecode.swift; path = PagedDataProvider.swift; sourceTree = "<group>"; };
		4E6C592268BFE55E26AEC882 /* Pods_SomaKit.framework */ = {isa = PBXFileReference; explicitFileType = wrapper.framework; includeInIndex = 0; path = Pods_SomaKit.framework; sourceTree = BUILT_PRODUCTS_DIR; };
		63EB9298E17EAC012969AD36 /* Pods.framework */ = {isa = PBXFileReference; explicitFileType = wrapper.framework; includeInIndex = 0; path = Pods.framework; sourceTree = BUILT_PRODUCTS_DIR; };
		CD9C42503E8BBE7336950BBF /* Pods-SomaKit.release.xcconfig */ = {isa = PBXFileReference; includeInIndex = 1; lastKnownFileType = text.xcconfig; name = "Pods-SomaKit.release.xcconfig"; path = "Pods/Target Support Files/Pods-SomaKit/Pods-SomaKit.release.xcconfig"; sourceTree = "<group>"; };
/* End PBXFileReference section */

/* Begin PBXFrameworksBuildPhase section */
		2418B0D01D0D7E8300B72488 /* Frameworks */ = {
			isa = PBXFrameworksBuildPhase;
			buildActionMask = 2147483647;
			files = (
				BAD7EEB694F1856A96767CC2 /* Pods_SomaKit.framework in Frameworks */,
			);
			runOnlyForDeploymentPostprocessing = 0;
		};
/* End PBXFrameworksBuildPhase section */

/* Begin PBXGroup section */
		240A45801D1C69EE00CFD0DA /* Converter */ = {
			isa = PBXGroup;
			children = (
				24A243B61D1ED22D00128012 /* ConverterConvertibleType.swift */,
				240A45821D1C69EE00CFD0DA /* ConverterType.swift */,
				240A45811D1C69EE00CFD0DA /* SameTypeConverter.swift */,
				242898A31D1D1D1E001807E5 /* AnyConverter.swift */,
			);
			path = Converter;
			sourceTree = "<group>";
		};
		2418B0CA1D0D7E8300B72488 = {
			isa = PBXGroup;
			children = (
				2418B0D61D0D7E8300B72488 /* SomaKit */,
				2418B0D51D0D7E8300B72488 /* Products */,
				C2539CD108BD21CA46F07ADE /* Frameworks */,
				ED406A060F4197796AB89519 /* Pods */,
			);
			sourceTree = "<group>";
		};
		2418B0D51D0D7E8300B72488 /* Products */ = {
			isa = PBXGroup;
			children = (
				2418B0D41D0D7E8300B72488 /* SomaKit.framework */,
			);
			name = Products;
			sourceTree = "<group>";
		};
		2418B0D61D0D7E8300B72488 /* SomaKit */ = {
			isa = PBXGroup;
			children = (
				2418B0E11D0D7EC300B72488 /* Core */,
				2418B0D71D0D7E8300B72488 /* SomaKit.h */,
				2418B0D91D0D7E8300B72488 /* Info.plist */,
			);
			path = SomaKit;
			sourceTree = "<group>";
		};
		2418B0E11D0D7EC300B72488 /* Core */ = {
			isa = PBXGroup;
			children = (
				24294DF81D1F3B4A00A975EA /* Cache */,
				24250C521D1DF9F800D208DF /* DataBase */,
				24250C451D1DEC0300D208DF /* Mapping */,
				249CBDE71D1C95950097C75E /* DataProvider */,
				249CBDD81D1C95890097C75E /* Helpers */,
				240A45801D1C69EE00CFD0DA /* Converter */,
				243EC4AE1D1B55B0006BBC49 /* Store */,
				243CD8D71D10C2F4002EE79F /* Network */,
				2418B0E21D0D7EC300B72488 /* Log */,
			);
			path = Core;
			sourceTree = "<group>";
		};
		2418B0E21D0D7EC300B72488 /* Log */ = {
			isa = PBXGroup;
			children = (
				2418B0E31D0D7F2C00B72488 /* Log.swift */,
				2418B0E51D0D8DBD00B72488 /* Log+Extension.swift */,
				2418B0E71D0D8E0400B72488 /* NativeLogProcessor.swift */,
				247E38571D1F6E8A00E6904D /* Observable+Log.swift */,
			);
			path = Log;
			sourceTree = "<group>";
		};
		24250C451D1DEC0300D208DF /* Mapping */ = {
			isa = PBXGroup;
			children = (
				24250C461D1DEC0300D208DF /* UnsafeJSONMapper.swift */,
				24250C481D1DEC2E00D208DF /* JSONMappingConverter.swift */,
			);
			path = Mapping;
			sourceTree = "<group>";
		};
		24250C521D1DF9F800D208DF /* DataBase */ = {
			isa = PBXGroup;
			children = (
				24250C551D1DFE3500D208DF /* AbstractDataBaseStore.swift */,
			);
			path = DataBase;
			sourceTree = "<group>";
		};
		24294DF81D1F3B4A00A975EA /* Cache */ = {
			isa = PBXGroup;
			children = (
				24294DF91D1F3B5800A975EA /* CacheValue.swift */,
				24294DFB1D1F3E0600A975EA /* CacheStore.swift */,
				24294DFD1D1F438B00A975EA /* MemoryCache.swift */,
				24294E011D1F46E100A975EA /* CacheManagedObject.swift */,
				24294E031D1F482000A975EA /* DataBaseCache.swift */,
				24294E051D1F51F800A975EA /* CacheableDataProvider.swift */,
			);
			path = Cache;
			sourceTree = "<group>";
		};
		243CD8D71D10C2F4002EE79F /* Network */ = {
			isa = PBXGroup;
			children = (
				243CD8D81D10C2FF002EE79F /* Request */,
				240A45871D1C7D4300CFD0DA /* AbstractApiClient.swift */,
			);
			path = Network;
			sourceTree = "<group>";
		};
		243CD8D81D10C2FF002EE79F /* Request */ = {
			isa = PBXGroup;
			children = (
				24A243BC1D1EDDEE00128012 /* RequestConvertibleType.swift */,
				243CD8D91D10C32D002EE79F /* RequestType.swift */,
				243CD8DB1D10C46D002EE79F /* AnyRequest.swift */,
				243F99721D1298F8000E979A /* ApiRequest.swift */,
				242AC25B1D19FD4200CEB18C /* RequestError.swift */,
				249CBDF21D1C95FF0097C75E /* Request+DataLoader.swift */,
			);
			path = Request;
			sourceTree = "<group>";
		};
		243EC4AE1D1B55B0006BBC49 /* Store */ = {
			isa = PBXGroup;
			children = (
				24A243BA1D1EDCBE00128012 /* StoreConvertibleType.swift */,
				243EC4AF1D1B55C1006BBC49 /* StoreType.swift */,
				24E07E001D1EAEFF006B2914 /* StoreType+Async.swift */,
				243EC4B11D1B5680006BBC49 /* StoreDataProvider.swift */,
				240A45851D1C6D9900CFD0DA /* StoreDataProvider+Async.swift */,
				24250C4C1D1DF40D00D208DF /* MemoryStore.swift */,
				24A243B41D1ED0E400128012 /* TransformStore.swift */,
				24250C4E1D1DF6B600D208DF /* AnyStore.swift */,
				24250C531D1DFA1B00D208DF /* UserDefaultsStore.swift */,
			);
			path = Store;
			sourceTree = "<group>";
		};
		249CBDD81D1C95890097C75E /* Helpers */ = {
			isa = PBXGroup;
			children = (
				24E4F5B61D1EEDB400F65297 /* URLConvertible.swift */,
				249CBDD91D1C95890097C75E /* DefaultValueType.swift */,
				249CBDDA1D1C95890097C75E /* Observable+Nil.swift */,
				249CBDDB1D1C95890097C75E /* OptionalType.swift */,
				249CBDDC1D1C95890097C75E /* SomaError.swift */,
				249CBDDD1D1C95890097C75E /* SomaFunc.swift */,
				249CBDDE1D1C95890097C75E /* Synchronized.swift */,
				249CBDDF1D1C95890097C75E /* Utils.swift */,
				249CBDF41D1C98E70097C75E /* Collection+Extension.swift */,
			);
			path = Helpers;
			sourceTree = "<group>";
		};
		249CBDE71D1C95950097C75E /* DataProvider */ = {
			isa = PBXGroup;
			children = (
				24A243B21D1ECB1E00128012 /* DataProviderConvertibleType.swift */,
				249CBDEA1D1C95950097C75E /* DataProviderType.swift */,
				249CBDE81D1C95950097C75E /* AnyDataProvider.swift */,
				249CBDEC1D1C95950097C75E /* TransformDataProvider.swift */,
				24EA198C1D1E88E1009A5301 /* PagedDataProvider.swift */,
				24E07E021D1EC16F006B2914 /* DataLoader.swift */,
				24A243BE1D1EDF6800128012 /* Observable+DataProviderType.swift */,
			);
			path = DataProvider;
			sourceTree = "<group>";
		};
		C2539CD108BD21CA46F07ADE /* Frameworks */ = {
			isa = PBXGroup;
			children = (
				63EB9298E17EAC012969AD36 /* Pods.framework */,
				4E6C592268BFE55E26AEC882 /* Pods_SomaKit.framework */,
			);
			name = Frameworks;
			sourceTree = "<group>";
		};
		ED406A060F4197796AB89519 /* Pods */ = {
			isa = PBXGroup;
			children = (
				216C639878F819C8B77F8C16 /* Pods-SomaKit.debug.xcconfig */,
				CD9C42503E8BBE7336950BBF /* Pods-SomaKit.release.xcconfig */,
			);
			name = Pods;
			sourceTree = "<group>";
		};
/* End PBXGroup section */

/* Begin PBXHeadersBuildPhase section */
		2418B0D11D0D7E8300B72488 /* Headers */ = {
			isa = PBXHeadersBuildPhase;
			buildActionMask = 2147483647;
			files = (
				2418B0D81D0D7E8300B72488 /* SomaKit.h in Headers */,
			);
			runOnlyForDeploymentPostprocessing = 0;
		};
/* End PBXHeadersBuildPhase section */

/* Begin PBXNativeTarget section */
		2418B0D31D0D7E8300B72488 /* SomaKit */ = {
			isa = PBXNativeTarget;
			buildConfigurationList = 2418B0DC1D0D7E8300B72488 /* Build configuration list for PBXNativeTarget "SomaKit" */;
			buildPhases = (
				239C03ACE0471CD8CBE3D7BC /* [CP] Check Pods Manifest.lock */,
				2418B0CF1D0D7E8300B72488 /* Sources */,
				2418B0D01D0D7E8300B72488 /* Frameworks */,
				2418B0D11D0D7E8300B72488 /* Headers */,
				2418B0D21D0D7E8300B72488 /* Resources */,
				2EC5C725883A3D00B4496AEE /* [CP] Copy Pods Resources */,
			);
			buildRules = (
			);
			dependencies = (
			);
			name = SomaKit;
			productName = SomaKit;
			productReference = 2418B0D41D0D7E8300B72488 /* SomaKit.framework */;
			productType = "com.apple.product-type.framework";
		};
/* End PBXNativeTarget section */

/* Begin PBXProject section */
		2418B0CB1D0D7E8300B72488 /* Project object */ = {
			isa = PBXProject;
			attributes = {
				LastUpgradeCheck = 0730;
				ORGANIZATIONNAME = iON1k;
				TargetAttributes = {
					2418B0D31D0D7E8300B72488 = {
						CreatedOnToolsVersion = 7.3.1;
					};
				};
			};
			buildConfigurationList = 2418B0CE1D0D7E8300B72488 /* Build configuration list for PBXProject "SomaKit" */;
			compatibilityVersion = "Xcode 3.2";
			developmentRegion = English;
			hasScannedForEncodings = 0;
			knownRegions = (
				en,
			);
			mainGroup = 2418B0CA1D0D7E8300B72488;
			productRefGroup = 2418B0D51D0D7E8300B72488 /* Products */;
			projectDirPath = "";
			projectRoot = "";
			targets = (
				2418B0D31D0D7E8300B72488 /* SomaKit */,
			);
		};
/* End PBXProject section */

/* Begin PBXResourcesBuildPhase section */
		2418B0D21D0D7E8300B72488 /* Resources */ = {
			isa = PBXResourcesBuildPhase;
			buildActionMask = 2147483647;
			files = (
			);
			runOnlyForDeploymentPostprocessing = 0;
		};
/* End PBXResourcesBuildPhase section */

/* Begin PBXShellScriptBuildPhase section */
		239C03ACE0471CD8CBE3D7BC /* [CP] Check Pods Manifest.lock */ = {
			isa = PBXShellScriptBuildPhase;
			buildActionMask = 2147483647;
			files = (
			);
			inputPaths = (
			);
			name = "[CP] Check Pods Manifest.lock";
			outputPaths = (
			);
			runOnlyForDeploymentPostprocessing = 0;
			shellPath = /bin/sh;
			shellScript = "diff \"${PODS_ROOT}/../Podfile.lock\" \"${PODS_ROOT}/Manifest.lock\" > /dev/null\nif [[ $? != 0 ]] ; then\n    cat << EOM\nerror: The sandbox is not in sync with the Podfile.lock. Run 'pod install' or update your CocoaPods installation.\nEOM\n    exit 1\nfi\n";
			showEnvVarsInLog = 0;
		};
		2EC5C725883A3D00B4496AEE /* [CP] Copy Pods Resources */ = {
			isa = PBXShellScriptBuildPhase;
			buildActionMask = 2147483647;
			files = (
			);
			inputPaths = (
			);
			name = "[CP] Copy Pods Resources";
			outputPaths = (
			);
			runOnlyForDeploymentPostprocessing = 0;
			shellPath = /bin/sh;
			shellScript = "\"${SRCROOT}/Pods/Target Support Files/Pods-SomaKit/Pods-SomaKit-resources.sh\"\n";
			showEnvVarsInLog = 0;
		};
/* End PBXShellScriptBuildPhase section */

/* Begin PBXSourcesBuildPhase section */
		2418B0CF1D0D7E8300B72488 /* Sources */ = {
			isa = PBXSourcesBuildPhase;
			buildActionMask = 2147483647;
			files = (
				243F99731D1298F8000E979A /* ApiRequest.swift in Sources */,
				24294DFA1D1F3B5800A975EA /* CacheValue.swift in Sources */,
				249CBDE51D1C95890097C75E /* Synchronized.swift in Sources */,
				24294E061D1F51F800A975EA /* CacheableDataProvider.swift in Sources */,
				24EA198D1D1E88E1009A5301 /* PagedDataProvider.swift in Sources */,
				249CBDE21D1C95890097C75E /* OptionalType.swift in Sources */,
				24A243B51D1ED0E400128012 /* TransformStore.swift in Sources */,
				2418B0E61D0D8DBD00B72488 /* Log+Extension.swift in Sources */,
				243EC4B01D1B55C1006BBC49 /* StoreType.swift in Sources */,
				24E4F5B71D1EEDB400F65297 /* URLConvertible.swift in Sources */,
				247E38581D1F6E8A00E6904D /* Observable+Log.swift in Sources */,
				249CBDE61D1C95890097C75E /* Utils.swift in Sources */,
				24A243BB1D1EDCBE00128012 /* StoreConvertibleType.swift in Sources */,
				249CBDED1D1C95950097C75E /* AnyDataProvider.swift in Sources */,
				243EC4B21D1B5680006BBC49 /* StoreDataProvider.swift in Sources */,
				249CBDE41D1C95890097C75E /* SomaFunc.swift in Sources */,
				24250C561D1DFE3500D208DF /* AbstractDataBaseStore.swift in Sources */,
				2418B0E41D0D7F2C00B72488 /* Log.swift in Sources */,
				24294E041D1F482000A975EA /* DataBaseCache.swift in Sources */,
				249CBDE01D1C95890097C75E /* DefaultValueType.swift in Sources */,
				240A45881D1C7D4300CFD0DA /* AbstractApiClient.swift in Sources */,
				24250C4D1D1DF40D00D208DF /* MemoryStore.swift in Sources */,
				24E07E011D1EAEFF006B2914 /* StoreType+Async.swift in Sources */,
				24294DFC1D1F3E0600A975EA /* CacheStore.swift in Sources */,
				24294DFE1D1F438B00A975EA /* MemoryCache.swift in Sources */,
				24A243BF1D1EDF6800128012 /* Observable+DataProviderType.swift in Sources */,
				242898A41D1D1D1E001807E5 /* AnyConverter.swift in Sources */,
				240A45841D1C69EE00CFD0DA /* ConverterType.swift in Sources */,
				240A45861D1C6D9900CFD0DA /* StoreDataProvider+Async.swift in Sources */,
				24A243B71D1ED22D00128012 /* ConverterConvertibleType.swift in Sources */,
				24294E021D1F46E100A975EA /* CacheManagedObject.swift in Sources */,
				243CD8DC1D10C46D002EE79F /* AnyRequest.swift in Sources */,
				243CD8DA1D10C32D002EE79F /* RequestType.swift in Sources */,
				249CBDE31D1C95890097C75E /* SomaError.swift in Sources */,
				249CBDEF1D1C95950097C75E /* DataProviderType.swift in Sources */,
				24250C4F1D1DF6B600D208DF /* AnyStore.swift in Sources */,
				24250C541D1DFA1B00D208DF /* UserDefaultsStore.swift in Sources */,
				249CBDF51D1C98E70097C75E /* Collection+Extension.swift in Sources */,
				2418B0E81D0D8E0400B72488 /* NativeLogProcessor.swift in Sources */,
				249CBDF31D1C95FF0097C75E /* Request+DataLoader.swift in Sources */,
				24250C491D1DEC2E00D208DF /* JSONMappingConverter.swift in Sources */,
				249CBDF11D1C95950097C75E /* TransformDataProvider.swift in Sources */,
				24A243B31D1ECB1E00128012 /* DataProviderConvertibleType.swift in Sources */,
				249CBDE11D1C95890097C75E /* Observable+Nil.swift in Sources */,
				24E07E031D1EC16F006B2914 /* DataLoader.swift in Sources */,
				242AC25C1D19FD4200CEB18C /* RequestError.swift in Sources */,
				240A45831D1C69EE00CFD0DA /* SameTypeConverter.swift in Sources */,
				24250C471D1DEC0300D208DF /* UnsafeJSONMapper.swift in Sources */,
				24A243BD1D1EDDEE00128012 /* RequestConvertibleType.swift in Sources */,
			);
			runOnlyForDeploymentPostprocessing = 0;
		};
/* End PBXSourcesBuildPhase section */

/* Begin XCBuildConfiguration section */
		2418B0DA1D0D7E8300B72488 /* Debug */ = {
			isa = XCBuildConfiguration;
			buildSettings = {
				ALWAYS_SEARCH_USER_PATHS = NO;
				CLANG_ANALYZER_NONNULL = YES;
				CLANG_CXX_LANGUAGE_STANDARD = "gnu++0x";
				CLANG_CXX_LIBRARY = "libc++";
				CLANG_ENABLE_MODULES = YES;
				CLANG_ENABLE_OBJC_ARC = YES;
				CLANG_WARN_BOOL_CONVERSION = YES;
				CLANG_WARN_CONSTANT_CONVERSION = YES;
				CLANG_WARN_DIRECT_OBJC_ISA_USAGE = YES_ERROR;
				CLANG_WARN_EMPTY_BODY = YES;
				CLANG_WARN_ENUM_CONVERSION = YES;
				CLANG_WARN_INT_CONVERSION = YES;
				CLANG_WARN_OBJC_ROOT_CLASS = YES_ERROR;
				CLANG_WARN_UNREACHABLE_CODE = YES;
				CLANG_WARN__DUPLICATE_METHOD_MATCH = YES;
				"CODE_SIGN_IDENTITY[sdk=iphoneos*]" = "iPhone Developer";
				COPY_PHASE_STRIP = NO;
				CURRENT_PROJECT_VERSION = 1;
				DEBUG_INFORMATION_FORMAT = dwarf;
				ENABLE_STRICT_OBJC_MSGSEND = YES;
				ENABLE_TESTABILITY = YES;
				GCC_C_LANGUAGE_STANDARD = gnu99;
				GCC_DYNAMIC_NO_PIC = NO;
				GCC_NO_COMMON_BLOCKS = YES;
				GCC_OPTIMIZATION_LEVEL = 0;
				GCC_PREPROCESSOR_DEFINITIONS = (
					"DEBUG=1",
					"$(inherited)",
				);
				GCC_WARN_64_TO_32_BIT_CONVERSION = YES;
				GCC_WARN_ABOUT_RETURN_TYPE = YES_ERROR;
				GCC_WARN_UNDECLARED_SELECTOR = YES;
				GCC_WARN_UNINITIALIZED_AUTOS = YES_AGGRESSIVE;
				GCC_WARN_UNUSED_FUNCTION = YES;
				GCC_WARN_UNUSED_VARIABLE = YES;
				IPHONEOS_DEPLOYMENT_TARGET = 9.3;
				MTL_ENABLE_DEBUG_INFO = YES;
				ONLY_ACTIVE_ARCH = YES;
				SDKROOT = iphoneos;
				SWIFT_OPTIMIZATION_LEVEL = "-Onone";
				TARGETED_DEVICE_FAMILY = "1,2";
				VERSIONING_SYSTEM = "apple-generic";
				VERSION_INFO_PREFIX = "";
			};
			name = Debug;
		};
		2418B0DB1D0D7E8300B72488 /* Release */ = {
			isa = XCBuildConfiguration;
			buildSettings = {
				ALWAYS_SEARCH_USER_PATHS = NO;
				CLANG_ANALYZER_NONNULL = YES;
				CLANG_CXX_LANGUAGE_STANDARD = "gnu++0x";
				CLANG_CXX_LIBRARY = "libc++";
				CLANG_ENABLE_MODULES = YES;
				CLANG_ENABLE_OBJC_ARC = YES;
				CLANG_WARN_BOOL_CONVERSION = YES;
				CLANG_WARN_CONSTANT_CONVERSION = YES;
				CLANG_WARN_DIRECT_OBJC_ISA_USAGE = YES_ERROR;
				CLANG_WARN_EMPTY_BODY = YES;
				CLANG_WARN_ENUM_CONVERSION = YES;
				CLANG_WARN_INT_CONVERSION = YES;
				CLANG_WARN_OBJC_ROOT_CLASS = YES_ERROR;
				CLANG_WARN_UNREACHABLE_CODE = YES;
				CLANG_WARN__DUPLICATE_METHOD_MATCH = YES;
				"CODE_SIGN_IDENTITY[sdk=iphoneos*]" = "iPhone Developer";
				COPY_PHASE_STRIP = NO;
				CURRENT_PROJECT_VERSION = 1;
				DEBUG_INFORMATION_FORMAT = "dwarf-with-dsym";
				ENABLE_NS_ASSERTIONS = NO;
				ENABLE_STRICT_OBJC_MSGSEND = YES;
				GCC_C_LANGUAGE_STANDARD = gnu99;
				GCC_NO_COMMON_BLOCKS = YES;
				GCC_WARN_64_TO_32_BIT_CONVERSION = YES;
				GCC_WARN_ABOUT_RETURN_TYPE = YES_ERROR;
				GCC_WARN_UNDECLARED_SELECTOR = YES;
				GCC_WARN_UNINITIALIZED_AUTOS = YES_AGGRESSIVE;
				GCC_WARN_UNUSED_FUNCTION = YES;
				GCC_WARN_UNUSED_VARIABLE = YES;
				IPHONEOS_DEPLOYMENT_TARGET = 9.3;
				MTL_ENABLE_DEBUG_INFO = NO;
				SDKROOT = iphoneos;
				TARGETED_DEVICE_FAMILY = "1,2";
				VALIDATE_PRODUCT = YES;
				VERSIONING_SYSTEM = "apple-generic";
				VERSION_INFO_PREFIX = "";
			};
			name = Release;
		};
		2418B0DD1D0D7E8300B72488 /* Debug */ = {
			isa = XCBuildConfiguration;
			baseConfigurationReference = 216C639878F819C8B77F8C16 /* Pods-SomaKit.debug.xcconfig */;
			buildSettings = {
				CLANG_ENABLE_MODULES = YES;
				DEFINES_MODULE = YES;
				DYLIB_COMPATIBILITY_VERSION = 1;
				DYLIB_CURRENT_VERSION = 1;
				DYLIB_INSTALL_NAME_BASE = "@rpath";
				INFOPLIST_FILE = SomaKit/Info.plist;
				INSTALL_PATH = "$(LOCAL_LIBRARY_DIR)/Frameworks";
				LD_RUNPATH_SEARCH_PATHS = "$(inherited) @executable_path/Frameworks @loader_path/Frameworks";
				PRODUCT_BUNDLE_IDENTIFIER = com.iON1k.SomaKit;
				PRODUCT_NAME = "$(TARGET_NAME)";
				SKIP_INSTALL = YES;
				SWIFT_OPTIMIZATION_LEVEL = "-Onone";
			};
			name = Debug;
		};
		2418B0DE1D0D7E8300B72488 /* Release */ = {
			isa = XCBuildConfiguration;
			baseConfigurationReference = CD9C42503E8BBE7336950BBF /* Pods-SomaKit.release.xcconfig */;
			buildSettings = {
				CLANG_ENABLE_MODULES = YES;
				DEFINES_MODULE = YES;
				DYLIB_COMPATIBILITY_VERSION = 1;
				DYLIB_CURRENT_VERSION = 1;
				DYLIB_INSTALL_NAME_BASE = "@rpath";
				INFOPLIST_FILE = SomaKit/Info.plist;
				INSTALL_PATH = "$(LOCAL_LIBRARY_DIR)/Frameworks";
				LD_RUNPATH_SEARCH_PATHS = "$(inherited) @executable_path/Frameworks @loader_path/Frameworks";
				PRODUCT_BUNDLE_IDENTIFIER = com.iON1k.SomaKit;
				PRODUCT_NAME = "$(TARGET_NAME)";
				SKIP_INSTALL = YES;
			};
			name = Release;
		};
/* End XCBuildConfiguration section */

/* Begin XCConfigurationList section */
		2418B0CE1D0D7E8300B72488 /* Build configuration list for PBXProject "SomaKit" */ = {
			isa = XCConfigurationList;
			buildConfigurations = (
				2418B0DA1D0D7E8300B72488 /* Debug */,
				2418B0DB1D0D7E8300B72488 /* Release */,
			);
			defaultConfigurationIsVisible = 0;
			defaultConfigurationName = Release;
		};
		2418B0DC1D0D7E8300B72488 /* Build configuration list for PBXNativeTarget "SomaKit" */ = {
			isa = XCConfigurationList;
			buildConfigurations = (
				2418B0DD1D0D7E8300B72488 /* Debug */,
				2418B0DE1D0D7E8300B72488 /* Release */,
			);
			defaultConfigurationIsVisible = 0;
			defaultConfigurationName = Release;
		};
/* End XCConfigurationList section */
	};
	rootObject = 2418B0CB1D0D7E8300B72488 /* Project object */;
}
