// !$*UTF8*$!
{
	archiveVersion = 1;
	classes = {
	};
	objectVersion = 46;
	objects = {

/* Begin PBXBuildFile section */
		241AF7D31D6A14BA004A8114 /* ApiRequestBase.swift in Sources */ = {isa = PBXBuildFile; fileRef = 241AF7D21D6A14BA004A8114 /* ApiRequestBase.swift */; };
		241B948D1D6932B00008D22F /* AlamoRequestManager.swift in Sources */ = {isa = PBXBuildFile; fileRef = 241B948A1D6932B00008D22F /* AlamoRequestManager.swift */; };
		24231EAF1D7C53BD00309D5B /* TableViewBehavior.swift in Sources */ = {isa = PBXBuildFile; fileRef = 24231EAE1D7C53BD00309D5B /* TableViewBehavior.swift */; };
		24231EB11D7C54D800309D5B /* AbstractTableViewController.swift in Sources */ = {isa = PBXBuildFile; fileRef = 24231EB01D7C54D800309D5B /* AbstractTableViewController.swift */; };
		24243F0B1D6C9D2400DB2584 /* SomaJsonMappable.swift in Sources */ = {isa = PBXBuildFile; fileRef = 24243F0A1D6C9D2400DB2584 /* SomaJsonMappable.swift */; };
		24243F0D1D6CA63F00DB2584 /* UnsafeJsonMappingConverter.swift in Sources */ = {isa = PBXBuildFile; fileRef = 24243F0C1D6CA63F00DB2584 /* UnsafeJsonMappingConverter.swift */; };
		242B23761DD23359007EC07D /* JsonMapper.swift in Sources */ = {isa = PBXBuildFile; fileRef = 242B23731DD23359007EC07D /* JsonMapper.swift */; };
		242B23781DD23359007EC07D /* StringMapperType.swift in Sources */ = {isa = PBXBuildFile; fileRef = 242B23751DD23359007EC07D /* StringMapperType.swift */; };
		242B3FFE1D4BD1350010C3CB /* TableElementPresenterType.swift in Sources */ = {isa = PBXBuildFile; fileRef = 242B3FFD1D4BD1350010C3CB /* TableElementPresenterType.swift */; };
		242B40001D4BD6400010C3CB /* TableSectionElementsAttributes.swift in Sources */ = {isa = PBXBuildFile; fileRef = 242B3FFF1D4BD6400010C3CB /* TableSectionElementsAttributes.swift */; };
		242B40021D4BE0060010C3CB /* Debug.swift in Sources */ = {isa = PBXBuildFile; fileRef = 242B40011D4BE0060010C3CB /* Debug.swift */; };
		242DAE471D57DCB800260816 /* TableElementsProvider+Extension.swift in Sources */ = {isa = PBXBuildFile; fileRef = 242DAE461D57DCB700260816 /* TableElementsProvider+Extension.swift */; };
		242EE3251D47BB990024F9AE /* TableElementsProvider.swift in Sources */ = {isa = PBXBuildFile; fileRef = 242EE3241D47BB990024F9AE /* TableElementsProvider.swift */; };
		242FBE4C1D72F98E0096FB62 /* PagedDataProvider.swift in Sources */ = {isa = PBXBuildFile; fileRef = 242FBE4B1D72F98E0096FB62 /* PagedDataProvider.swift */; };
		242FBE4E1D72FC5A0096FB62 /* AnchoredPagedDataProvider.swift in Sources */ = {isa = PBXBuildFile; fileRef = 242FBE4D1D72FC5A0096FB62 /* AnchoredPagedDataProvider.swift */; };
		2432D03E1D6F7ECC0020844B /* AnchoredPageType.swift in Sources */ = {isa = PBXBuildFile; fileRef = 2432D03D1D6F7ECC0020844B /* AnchoredPageType.swift */; };
		2432D0401D6F80280020844B /* AbstractAnchoredPagedDataProvider.swift in Sources */ = {isa = PBXBuildFile; fileRef = 2432D03F1D6F80280020844B /* AbstractAnchoredPagedDataProvider.swift */; };
		24468C0E1D455AE4003E1344 /* TableElementAttributesType.swift in Sources */ = {isa = PBXBuildFile; fileRef = 24468C0D1D455AE4003E1344 /* TableElementAttributesType.swift */; };
		24468C101D455B42003E1344 /* TableElementAttributesCache.swift in Sources */ = {isa = PBXBuildFile; fileRef = 24468C0F1D455B42003E1344 /* TableElementAttributesCache.swift */; };
		244DCC491DAD22E00051F832 /* Disposable.swift in Sources */ = {isa = PBXBuildFile; fileRef = 244DCC481DAD22E00051F832 /* Disposable.swift */; };
		2457267F1D4A2B7600D9FC63 /* TableElementPresenter.swift in Sources */ = {isa = PBXBuildFile; fileRef = 2457267E1D4A2B7600D9FC63 /* TableElementPresenter.swift */; };
		245726811D4A550A00D9FC63 /* TableViewManager.swift in Sources */ = {isa = PBXBuildFile; fileRef = 245726801D4A550A00D9FC63 /* TableViewManager.swift */; };
		245726831D4A625100D9FC63 /* TableViewSection.swift in Sources */ = {isa = PBXBuildFile; fileRef = 245726821D4A625100D9FC63 /* TableViewSection.swift */; };
		246F72641D593B74004FF101 /* AbstractPagedDataProvider.swift in Sources */ = {isa = PBXBuildFile; fileRef = 246F72631D593B74004FF101 /* AbstractPagedDataProvider.swift */; };
		246F72661D593B8C004FF101 /* ListDataProviderType.swift in Sources */ = {isa = PBXBuildFile; fileRef = 246F72651D593B8C004FF101 /* ListDataProviderType.swift */; };
		247C0DFA1D64B4AD00EF8808 /* TimeHelper.swift in Sources */ = {isa = PBXBuildFile; fileRef = 247C0DF91D64B4AD00EF8808 /* TimeHelper.swift */; };
		24E1C0D31D22EB5600533D4E /* ImageResizing.swift in Sources */ = {isa = PBXBuildFile; fileRef = 24E1C0D21D22EB5600533D4E /* ImageResizing.swift */; };
		24E1C0D51D22ED3300533D4E /* ImageRounding.swift in Sources */ = {isa = PBXBuildFile; fileRef = 24E1C0D41D22ED3300533D4E /* ImageRounding.swift */; };
		24E1C0D71D22F14200533D4E /* ImageFiltering.swift in Sources */ = {isa = PBXBuildFile; fileRef = 24E1C0D61D22F14200533D4E /* ImageFiltering.swift */; };
		24E1C0D91D22F48C00533D4E /* ImageBluring.swift in Sources */ = {isa = PBXBuildFile; fileRef = 24E1C0D81D22F48C00533D4E /* ImageBluring.swift */; };
		24E2C0841D6A406A001025CA /* ApiPartBase.swift in Sources */ = {isa = PBXBuildFile; fileRef = 24E2C0831D6A406A001025CA /* ApiPartBase.swift */; };
		24E2CFAF1D21163D00967097 /* BundleImageSource.swift in Sources */ = {isa = PBXBuildFile; fileRef = 24E2CFAE1D21163D00967097 /* BundleImageSource.swift */; };
		24E2CFB11D211AE200967097 /* FileImageSource.swift in Sources */ = {isa = PBXBuildFile; fileRef = 24E2CFB01D211AE200967097 /* FileImageSource.swift */; };
		24E2CFB51D21239500967097 /* FakeStore.swift in Sources */ = {isa = PBXBuildFile; fileRef = 24E2CFB41D21239500967097 /* FakeStore.swift */; };
		24E2CFB71D21291500967097 /* NetworkImageSource.swift in Sources */ = {isa = PBXBuildFile; fileRef = 24E2CFB61D21291500967097 /* NetworkImageSource.swift */; };
		24E3480E1D5BDA4100A926B6 /* ItemsPageType.swift in Sources */ = {isa = PBXBuildFile; fileRef = 24E3480D1D5BDA4100A926B6 /* ItemsPageType.swift */; };
		24E3CDAD1D1FE753001BCDB2 /* SomaKit.h in Headers */ = {isa = PBXBuildFile; fileRef = 24E3CDAC1D1FE753001BCDB2 /* SomaKit.h */; settings = {ATTRIBUTES = (Public, ); }; };
		24E3CDF21D1FE7B3001BCDB2 /* CacheableDataProvider.swift in Sources */ = {isa = PBXBuildFile; fileRef = 24E3CDB61D1FE7B3001BCDB2 /* CacheableDataProvider.swift */; };
		24E3CDF31D1FE7B3001BCDB2 /* CacheManagedObject.swift in Sources */ = {isa = PBXBuildFile; fileRef = 24E3CDB71D1FE7B3001BCDB2 /* CacheManagedObject.swift */; };
		24E3CDF41D1FE7B3001BCDB2 /* CacheBase.swift in Sources */ = {isa = PBXBuildFile; fileRef = 24E3CDB81D1FE7B3001BCDB2 /* CacheBase.swift */; };
		24E3CDF51D1FE7B3001BCDB2 /* CacheValue.swift in Sources */ = {isa = PBXBuildFile; fileRef = 24E3CDB91D1FE7B3001BCDB2 /* CacheValue.swift */; };
		24E3CDF61D1FE7B3001BCDB2 /* DatabaseCacheStore.swift in Sources */ = {isa = PBXBuildFile; fileRef = 24E3CDBA1D1FE7B3001BCDB2 /* DatabaseCacheStore.swift */; };
		24E3CDF71D1FE7B3001BCDB2 /* MemoryCache.swift in Sources */ = {isa = PBXBuildFile; fileRef = 24E3CDBB1D1FE7B3001BCDB2 /* MemoryCache.swift */; };
		24E3CDFA1D1FE7B3001BCDB2 /* ConverterType.swift in Sources */ = {isa = PBXBuildFile; fileRef = 24E3CDBF1D1FE7B3001BCDB2 /* ConverterType.swift */; };
		24E3CDFB1D1FE7B3001BCDB2 /* SameTypeConverter.swift in Sources */ = {isa = PBXBuildFile; fileRef = 24E3CDC01D1FE7B3001BCDB2 /* SameTypeConverter.swift */; };
		24E3CDFC1D1FE7B3001BCDB2 /* AbstractDatabaseStore.swift in Sources */ = {isa = PBXBuildFile; fileRef = 24E3CDC21D1FE7B3001BCDB2 /* AbstractDatabaseStore.swift */; };
		24E3CE001D1FE7B3001BCDB2 /* DataProviderType.swift in Sources */ = {isa = PBXBuildFile; fileRef = 24E3CDC81D1FE7B3001BCDB2 /* DataProviderType.swift */; };
		24E3CE041D1FE7B3001BCDB2 /* Collection+Extension.swift in Sources */ = {isa = PBXBuildFile; fileRef = 24E3CDCD1D1FE7B3001BCDB2 /* Collection+Extension.swift */; };
		24E3CE061D1FE7B3001BCDB2 /* Rx+Extensions.swift in Sources */ = {isa = PBXBuildFile; fileRef = 24E3CDCF1D1FE7B3001BCDB2 /* Rx+Extensions.swift */; };
		24E3CE071D1FE7B3001BCDB2 /* OptionalType.swift in Sources */ = {isa = PBXBuildFile; fileRef = 24E3CDD01D1FE7B3001BCDB2 /* OptionalType.swift */; };
		24E3CE081D1FE7B3001BCDB2 /* SomaError.swift in Sources */ = {isa = PBXBuildFile; fileRef = 24E3CDD11D1FE7B3001BCDB2 /* SomaError.swift */; };
		24E3CE091D1FE7B3001BCDB2 /* SomaFunc.swift in Sources */ = {isa = PBXBuildFile; fileRef = 24E3CDD21D1FE7B3001BCDB2 /* SomaFunc.swift */; };
		24E3CE0A1D1FE7B3001BCDB2 /* Synchronized.swift in Sources */ = {isa = PBXBuildFile; fileRef = 24E3CDD31D1FE7B3001BCDB2 /* Synchronized.swift */; };
		24E3CE0C1D1FE7B3001BCDB2 /* Utils.swift in Sources */ = {isa = PBXBuildFile; fileRef = 24E3CDD51D1FE7B3001BCDB2 /* Utils.swift */; };
		24E3CE0D1D1FE7B3001BCDB2 /* Log+Extension.swift in Sources */ = {isa = PBXBuildFile; fileRef = 24E3CDD71D1FE7B3001BCDB2 /* Log+Extension.swift */; };
		24E3CE0E1D1FE7B3001BCDB2 /* Log.swift in Sources */ = {isa = PBXBuildFile; fileRef = 24E3CDD81D1FE7B3001BCDB2 /* Log.swift */; };
		24E3CE0F1D1FE7B3001BCDB2 /* NativeLogProcessor.swift in Sources */ = {isa = PBXBuildFile; fileRef = 24E3CDD91D1FE7B3001BCDB2 /* NativeLogProcessor.swift */; };
		24E3CE101D1FE7B3001BCDB2 /* Observable+Log.swift in Sources */ = {isa = PBXBuildFile; fileRef = 24E3CDDA1D1FE7B3001BCDB2 /* Observable+Log.swift */; };
		24E3CE111D1FE7B3001BCDB2 /* JsonMappingConverter.swift in Sources */ = {isa = PBXBuildFile; fileRef = 24E3CDDC1D1FE7B3001BCDB2 /* JsonMappingConverter.swift */; };
		24E3CE181D1FE7B3001BCDB2 /* RequestType.swift in Sources */ = {isa = PBXBuildFile; fileRef = 24E3CDE51D1FE7B3001BCDB2 /* RequestType.swift */; };
		24E3CE1B1D1FE7B3001BCDB2 /* MemoryStore.swift in Sources */ = {isa = PBXBuildFile; fileRef = 24E3CDEA1D1FE7B3001BCDB2 /* MemoryStore.swift */; };
		24E3CE1D1D1FE7B3001BCDB2 /* StoreDataProvider+Async.swift in Sources */ = {isa = PBXBuildFile; fileRef = 24E3CDEC1D1FE7B3001BCDB2 /* StoreDataProvider+Async.swift */; };
		24E3CE1E1D1FE7B3001BCDB2 /* StoreDataProvider.swift in Sources */ = {isa = PBXBuildFile; fileRef = 24E3CDED1D1FE7B3001BCDB2 /* StoreDataProvider.swift */; };
		24E3CE1F1D1FE7B3001BCDB2 /* StoreType+Background.swift in Sources */ = {isa = PBXBuildFile; fileRef = 24E3CDEE1D1FE7B3001BCDB2 /* StoreType+Background.swift */; };
		24E3CE201D1FE7B3001BCDB2 /* StoreType.swift in Sources */ = {isa = PBXBuildFile; fileRef = 24E3CDEF1D1FE7B3001BCDB2 /* StoreType.swift */; };
		24E3CE211D1FE7B3001BCDB2 /* Store+Transform.swift in Sources */ = {isa = PBXBuildFile; fileRef = 24E3CDF01D1FE7B3001BCDB2 /* Store+Transform.swift */; };
		24E3CE221D1FE7B3001BCDB2 /* UserDefaultsStore.swift in Sources */ = {isa = PBXBuildFile; fileRef = 24E3CDF11D1FE7B3001BCDB2 /* UserDefaultsStore.swift */; };
		24E5C2D41D209E7F0098AB3A /* ImageSourceType.swift in Sources */ = {isa = PBXBuildFile; fileRef = 24E5C2D01D209E7F0098AB3A /* ImageSourceType.swift */; };
		24E5C2DF1D20A2010098AB3A /* ImagePlugin.swift in Sources */ = {isa = PBXBuildFile; fileRef = 24E5C2DE1D20A2010098AB3A /* ImagePlugin.swift */; };
		24E5C2E41D20A28F0098AB3A /* ImageLoader.swift in Sources */ = {isa = PBXBuildFile; fileRef = 24E5C2E31D20A28F0098AB3A /* ImageLoader.swift */; };
		24E67FBF1D6C977500C6913F /* JsonStringConvertible.swift in Sources */ = {isa = PBXBuildFile; fileRef = 24E67FBE1D6C977500C6913F /* JsonStringConvertible.swift */; };
		24E714E41D57C7B100B66ABD /* TableViewManager+Extension.swift in Sources */ = {isa = PBXBuildFile; fileRef = 24E714E31D57C7B100B66ABD /* TableViewManager+Extension.swift */; };
		24E94A2F1D5B705C0045C4A5 /* Array+ListDataProviderType.swift in Sources */ = {isa = PBXBuildFile; fileRef = 24E94A2E1D5B705C0045C4A5 /* Array+ListDataProviderType.swift */; };
		24EA99721D481F3C00AEF2B1 /* ViewsProvider.swift in Sources */ = {isa = PBXBuildFile; fileRef = 24EA99711D481F3C00AEF2B1 /* ViewsProvider.swift */; };
		24EB57DB1D2C0E8A0062DDDB /* EmptyRouter.swift in Sources */ = {isa = PBXBuildFile; fileRef = 24EB57CD1D2C0E8A0062DDDB /* EmptyRouter.swift */; };
		24EB57DC1D2C0E8A0062DDDB /* RouterType.swift in Sources */ = {isa = PBXBuildFile; fileRef = 24EB57CE1D2C0E8A0062DDDB /* RouterType.swift */; };
		24EB57DD1D2C0E8A0062DDDB /* ModuleTransitionHandler.swift in Sources */ = {isa = PBXBuildFile; fileRef = 24EB57D01D2C0E8A0062DDDB /* ModuleTransitionHandler.swift */; };
		24EB57DE1D2C0E8A0062DDDB /* UIViewController+ModuleTransitionHandler.swift in Sources */ = {isa = PBXBuildFile; fileRef = 24EB57D11D2C0E8A0062DDDB /* UIViewController+ModuleTransitionHandler.swift */; };
		24EB57DF1D2C0E8A0062DDDB /* ModuleViewModel.swift in Sources */ = {isa = PBXBuildFile; fileRef = 24EB57D31D2C0E8A0062DDDB /* ModuleViewModel.swift */; };
		24EB57E01D2C0E8A0062DDDB /* ViewModelType.swift in Sources */ = {isa = PBXBuildFile; fileRef = 24EB57D51D2C0E8A0062DDDB /* ViewModelType.swift */; };
		24EB57E11D2C0E8A0062DDDB /* ViewPresenterType.swift in Sources */ = {isa = PBXBuildFile; fileRef = 24EB57D61D2C0E8A0062DDDB /* ViewPresenterType.swift */; };
		24EB57E81D2C229C0062DDDB /* SomaViewController.swift in Sources */ = {isa = PBXBuildFile; fileRef = 24EB57E71D2C229C0062DDDB /* SomaViewController.swift */; };
		24EB57EA1D2C25920062DDDB /* ModuleViewController.swift in Sources */ = {isa = PBXBuildFile; fileRef = 24EB57E91D2C25920062DDDB /* ModuleViewController.swift */; };
		24EB57ED1D2C2C0F0062DDDB /* UiBindable.swift in Sources */ = {isa = PBXBuildFile; fileRef = 24EB57EC1D2C2C0F0062DDDB /* UiBindable.swift */; };
		24EB57EF1D2C2DC40062DDDB /* SomaUIBindable.swift in Sources */ = {isa = PBXBuildFile; fileRef = 24EB57EE1D2C2DC40062DDDB /* SomaUIBindable.swift */; };
		24F3CF561D6BA5D8004C0AAF /* AbstractApiRequest.swift in Sources */ = {isa = PBXBuildFile; fileRef = 24F3CF551D6BA5D8004C0AAF /* AbstractApiRequest.swift */; };
		24F600C11DCDF22500107699 /* Store.swift in Sources */ = {isa = PBXBuildFile; fileRef = 24F600C01DCDF22500107699 /* Store.swift */; };
		24FFC01B1DCC9B450026CA83 /* CachingKeyProvider.swift in Sources */ = {isa = PBXBuildFile; fileRef = 24FFC0181DCC9B450026CA83 /* CachingKeyProvider.swift */; };
		24FFC01C1DCC9B450026CA83 /* ObservableConvertibleType+Cache.swift in Sources */ = {isa = PBXBuildFile; fileRef = 24FFC0191DCC9B450026CA83 /* ObservableConvertibleType+Cache.swift */; };
		24FFC01D1DCC9B450026CA83 /* StringCachingKeyProvider.swift in Sources */ = {isa = PBXBuildFile; fileRef = 24FFC01A1DCC9B450026CA83 /* StringCachingKeyProvider.swift */; };
		24FFC0211DCC9E9B0026CA83 /* NibsFactory.swift in Sources */ = {isa = PBXBuildFile; fileRef = 24FFC01F1DCC9E9B0026CA83 /* NibsFactory.swift */; };
		24FFC0221DCC9E9B0026CA83 /* StoryboardFactory.swift in Sources */ = {isa = PBXBuildFile; fileRef = 24FFC0201DCC9E9B0026CA83 /* StoryboardFactory.swift */; };
		24FFC0261DCCA2B20026CA83 /* SomaProxy.h in Headers */ = {isa = PBXBuildFile; fileRef = 24FFC0241DCCA2B20026CA83 /* SomaProxy.h */; settings = {ATTRIBUTES = (Public, ); }; };
		24FFC0271DCCA2B20026CA83 /* SomaProxy.m in Sources */ = {isa = PBXBuildFile; fileRef = 24FFC0251DCCA2B20026CA83 /* SomaProxy.m */; };
		6AF3BA1EDD5E1C849FA7035A /* Pods_SomaKit.framework in Frameworks */ = {isa = PBXBuildFile; fileRef = 42956B8F15DB5942D9E3CAB4 /* Pods_SomaKit.framework */; };
/* End PBXBuildFile section */

/* Begin PBXFileReference section */
		241AF7D21D6A14BA004A8114 /* ApiRequestBase.swift */ = {isa = PBXFileReference; fileEncoding = 4; lastKnownFileType = sourcecode.swift; path = ApiRequestBase.swift; sourceTree = "<group>"; };
		241B948A1D6932B00008D22F /* AlamoRequestManager.swift */ = {isa = PBXFileReference; fileEncoding = 4; lastKnownFileType = sourcecode.swift; path = AlamoRequestManager.swift; sourceTree = "<group>"; };
		24231EAE1D7C53BD00309D5B /* TableViewBehavior.swift */ = {isa = PBXFileReference; fileEncoding = 4; lastKnownFileType = sourcecode.swift; path = TableViewBehavior.swift; sourceTree = "<group>"; };
		24231EB01D7C54D800309D5B /* AbstractTableViewController.swift */ = {isa = PBXFileReference; fileEncoding = 4; lastKnownFileType = sourcecode.swift; path = AbstractTableViewController.swift; sourceTree = "<group>"; };
		24243F0A1D6C9D2400DB2584 /* SomaJsonMappable.swift */ = {isa = PBXFileReference; fileEncoding = 4; lastKnownFileType = sourcecode.swift; path = SomaJsonMappable.swift; sourceTree = "<group>"; };
		24243F0C1D6CA63F00DB2584 /* UnsafeJsonMappingConverter.swift */ = {isa = PBXFileReference; fileEncoding = 4; lastKnownFileType = sourcecode.swift; path = UnsafeJsonMappingConverter.swift; sourceTree = "<group>"; };
		242B23731DD23359007EC07D /* JsonMapper.swift */ = {isa = PBXFileReference; fileEncoding = 4; lastKnownFileType = sourcecode.swift; path = JsonMapper.swift; sourceTree = "<group>"; };
		242B23751DD23359007EC07D /* StringMapperType.swift */ = {isa = PBXFileReference; fileEncoding = 4; lastKnownFileType = sourcecode.swift; path = StringMapperType.swift; sourceTree = "<group>"; };
		242B3FFD1D4BD1350010C3CB /* TableElementPresenterType.swift */ = {isa = PBXFileReference; fileEncoding = 4; lastKnownFileType = sourcecode.swift; path = TableElementPresenterType.swift; sourceTree = "<group>"; };
		242B3FFF1D4BD6400010C3CB /* TableSectionElementsAttributes.swift */ = {isa = PBXFileReference; fileEncoding = 4; lastKnownFileType = sourcecode.swift; path = TableSectionElementsAttributes.swift; sourceTree = "<group>"; };
		242B40011D4BE0060010C3CB /* Debug.swift */ = {isa = PBXFileReference; fileEncoding = 4; lastKnownFileType = sourcecode.swift; path = Debug.swift; sourceTree = "<group>"; };
		242DAE461D57DCB700260816 /* TableElementsProvider+Extension.swift */ = {isa = PBXFileReference; fileEncoding = 4; lastKnownFileType = sourcecode.swift; path = "TableElementsProvider+Extension.swift"; sourceTree = "<group>"; };
		242EE3241D47BB990024F9AE /* TableElementsProvider.swift */ = {isa = PBXFileReference; fileEncoding = 4; lastKnownFileType = sourcecode.swift; path = TableElementsProvider.swift; sourceTree = "<group>"; };
		242FBE4B1D72F98E0096FB62 /* PagedDataProvider.swift */ = {isa = PBXFileReference; fileEncoding = 4; lastKnownFileType = sourcecode.swift; path = PagedDataProvider.swift; sourceTree = "<group>"; };
		242FBE4D1D72FC5A0096FB62 /* AnchoredPagedDataProvider.swift */ = {isa = PBXFileReference; fileEncoding = 4; lastKnownFileType = sourcecode.swift; path = AnchoredPagedDataProvider.swift; sourceTree = "<group>"; };
		2432D03D1D6F7ECC0020844B /* AnchoredPageType.swift */ = {isa = PBXFileReference; fileEncoding = 4; lastKnownFileType = sourcecode.swift; path = AnchoredPageType.swift; sourceTree = "<group>"; };
		2432D03F1D6F80280020844B /* AbstractAnchoredPagedDataProvider.swift */ = {isa = PBXFileReference; fileEncoding = 4; lastKnownFileType = sourcecode.swift; path = AbstractAnchoredPagedDataProvider.swift; sourceTree = "<group>"; };
		24468C0D1D455AE4003E1344 /* TableElementAttributesType.swift */ = {isa = PBXFileReference; fileEncoding = 4; lastKnownFileType = sourcecode.swift; path = TableElementAttributesType.swift; sourceTree = "<group>"; };
		24468C0F1D455B42003E1344 /* TableElementAttributesCache.swift */ = {isa = PBXFileReference; fileEncoding = 4; lastKnownFileType = sourcecode.swift; path = TableElementAttributesCache.swift; sourceTree = "<group>"; };
		244DCC481DAD22E00051F832 /* Disposable.swift */ = {isa = PBXFileReference; fileEncoding = 4; lastKnownFileType = sourcecode.swift; path = Disposable.swift; sourceTree = "<group>"; };
		2457267E1D4A2B7600D9FC63 /* TableElementPresenter.swift */ = {isa = PBXFileReference; fileEncoding = 4; lastKnownFileType = sourcecode.swift; path = TableElementPresenter.swift; sourceTree = "<group>"; };
		245726801D4A550A00D9FC63 /* TableViewManager.swift */ = {isa = PBXFileReference; fileEncoding = 4; lastKnownFileType = sourcecode.swift; path = TableViewManager.swift; sourceTree = "<group>"; };
		245726821D4A625100D9FC63 /* TableViewSection.swift */ = {isa = PBXFileReference; fileEncoding = 4; lastKnownFileType = sourcecode.swift; path = TableViewSection.swift; sourceTree = "<group>"; };
		246F72631D593B74004FF101 /* AbstractPagedDataProvider.swift */ = {isa = PBXFileReference; fileEncoding = 4; lastKnownFileType = sourcecode.swift; path = AbstractPagedDataProvider.swift; sourceTree = "<group>"; };
		246F72651D593B8C004FF101 /* ListDataProviderType.swift */ = {isa = PBXFileReference; fileEncoding = 4; lastKnownFileType = sourcecode.swift; path = ListDataProviderType.swift; sourceTree = "<group>"; };
		247C0DF91D64B4AD00EF8808 /* TimeHelper.swift */ = {isa = PBXFileReference; fileEncoding = 4; lastKnownFileType = sourcecode.swift; path = TimeHelper.swift; sourceTree = "<group>"; };
		24E1C0D21D22EB5600533D4E /* ImageResizing.swift */ = {isa = PBXFileReference; fileEncoding = 4; lastKnownFileType = sourcecode.swift; path = ImageResizing.swift; sourceTree = "<group>"; };
		24E1C0D41D22ED3300533D4E /* ImageRounding.swift */ = {isa = PBXFileReference; fileEncoding = 4; lastKnownFileType = sourcecode.swift; path = ImageRounding.swift; sourceTree = "<group>"; };
		24E1C0D61D22F14200533D4E /* ImageFiltering.swift */ = {isa = PBXFileReference; fileEncoding = 4; lastKnownFileType = sourcecode.swift; path = ImageFiltering.swift; sourceTree = "<group>"; };
		24E1C0D81D22F48C00533D4E /* ImageBluring.swift */ = {isa = PBXFileReference; fileEncoding = 4; lastKnownFileType = sourcecode.swift; path = ImageBluring.swift; sourceTree = "<group>"; };
		24E2C0831D6A406A001025CA /* ApiPartBase.swift */ = {isa = PBXFileReference; fileEncoding = 4; lastKnownFileType = sourcecode.swift; path = ApiPartBase.swift; sourceTree = "<group>"; };
		24E2CFAE1D21163D00967097 /* BundleImageSource.swift */ = {isa = PBXFileReference; fileEncoding = 4; lastKnownFileType = sourcecode.swift; path = BundleImageSource.swift; sourceTree = "<group>"; };
		24E2CFB01D211AE200967097 /* FileImageSource.swift */ = {isa = PBXFileReference; fileEncoding = 4; lastKnownFileType = sourcecode.swift; path = FileImageSource.swift; sourceTree = "<group>"; };
		24E2CFB41D21239500967097 /* FakeStore.swift */ = {isa = PBXFileReference; fileEncoding = 4; lastKnownFileType = sourcecode.swift; path = FakeStore.swift; sourceTree = "<group>"; };
		24E2CFB61D21291500967097 /* NetworkImageSource.swift */ = {isa = PBXFileReference; fileEncoding = 4; lastKnownFileType = sourcecode.swift; path = NetworkImageSource.swift; sourceTree = "<group>"; };
		24E3480D1D5BDA4100A926B6 /* ItemsPageType.swift */ = {isa = PBXFileReference; fileEncoding = 4; lastKnownFileType = sourcecode.swift; path = ItemsPageType.swift; sourceTree = "<group>"; };
		24E3CDA91D1FE753001BCDB2 /* SomaKit.framework */ = {isa = PBXFileReference; explicitFileType = wrapper.framework; includeInIndex = 0; path = SomaKit.framework; sourceTree = BUILT_PRODUCTS_DIR; };
		24E3CDAC1D1FE753001BCDB2 /* SomaKit.h */ = {isa = PBXFileReference; lastKnownFileType = sourcecode.c.h; path = SomaKit.h; sourceTree = "<group>"; };
		24E3CDAE1D1FE753001BCDB2 /* Info.plist */ = {isa = PBXFileReference; lastKnownFileType = text.plist.xml; path = Info.plist; sourceTree = "<group>"; };
		24E3CDB61D1FE7B3001BCDB2 /* CacheableDataProvider.swift */ = {isa = PBXFileReference; fileEncoding = 4; lastKnownFileType = sourcecode.swift; path = CacheableDataProvider.swift; sourceTree = "<group>"; };
		24E3CDB71D1FE7B3001BCDB2 /* CacheManagedObject.swift */ = {isa = PBXFileReference; fileEncoding = 4; lastKnownFileType = sourcecode.swift; path = CacheManagedObject.swift; sourceTree = "<group>"; };
		24E3CDB81D1FE7B3001BCDB2 /* CacheBase.swift */ = {isa = PBXFileReference; fileEncoding = 4; lastKnownFileType = sourcecode.swift; path = CacheBase.swift; sourceTree = "<group>"; };
		24E3CDB91D1FE7B3001BCDB2 /* CacheValue.swift */ = {isa = PBXFileReference; fileEncoding = 4; lastKnownFileType = sourcecode.swift; path = CacheValue.swift; sourceTree = "<group>"; };
		24E3CDBA1D1FE7B3001BCDB2 /* DatabaseCacheStore.swift */ = {isa = PBXFileReference; fileEncoding = 4; lastKnownFileType = sourcecode.swift; path = DatabaseCacheStore.swift; sourceTree = "<group>"; };
		24E3CDBB1D1FE7B3001BCDB2 /* MemoryCache.swift */ = {isa = PBXFileReference; fileEncoding = 4; lastKnownFileType = sourcecode.swift; path = MemoryCache.swift; sourceTree = "<group>"; };
		24E3CDBF1D1FE7B3001BCDB2 /* ConverterType.swift */ = {isa = PBXFileReference; fileEncoding = 4; lastKnownFileType = sourcecode.swift; path = ConverterType.swift; sourceTree = "<group>"; };
		24E3CDC01D1FE7B3001BCDB2 /* SameTypeConverter.swift */ = {isa = PBXFileReference; fileEncoding = 4; lastKnownFileType = sourcecode.swift; path = SameTypeConverter.swift; sourceTree = "<group>"; };
		24E3CDC21D1FE7B3001BCDB2 /* AbstractDatabaseStore.swift */ = {isa = PBXFileReference; fileEncoding = 4; lastKnownFileType = sourcecode.swift; path = AbstractDatabaseStore.swift; sourceTree = "<group>"; };
		24E3CDC81D1FE7B3001BCDB2 /* DataProviderType.swift */ = {isa = PBXFileReference; fileEncoding = 4; lastKnownFileType = sourcecode.swift; path = DataProviderType.swift; sourceTree = "<group>"; };
		24E3CDCD1D1FE7B3001BCDB2 /* Collection+Extension.swift */ = {isa = PBXFileReference; fileEncoding = 4; lastKnownFileType = sourcecode.swift; path = "Collection+Extension.swift"; sourceTree = "<group>"; };
		24E3CDCF1D1FE7B3001BCDB2 /* Rx+Extensions.swift */ = {isa = PBXFileReference; fileEncoding = 4; lastKnownFileType = sourcecode.swift; path = "Rx+Extensions.swift"; sourceTree = "<group>"; };
		24E3CDD01D1FE7B3001BCDB2 /* OptionalType.swift */ = {isa = PBXFileReference; fileEncoding = 4; lastKnownFileType = sourcecode.swift; path = OptionalType.swift; sourceTree = "<group>"; };
		24E3CDD11D1FE7B3001BCDB2 /* SomaError.swift */ = {isa = PBXFileReference; fileEncoding = 4; lastKnownFileType = sourcecode.swift; path = SomaError.swift; sourceTree = "<group>"; };
		24E3CDD21D1FE7B3001BCDB2 /* SomaFunc.swift */ = {isa = PBXFileReference; fileEncoding = 4; lastKnownFileType = sourcecode.swift; path = SomaFunc.swift; sourceTree = "<group>"; };
		24E3CDD31D1FE7B3001BCDB2 /* Synchronized.swift */ = {isa = PBXFileReference; fileEncoding = 4; lastKnownFileType = sourcecode.swift; path = Synchronized.swift; sourceTree = "<group>"; };
		24E3CDD51D1FE7B3001BCDB2 /* Utils.swift */ = {isa = PBXFileReference; fileEncoding = 4; lastKnownFileType = sourcecode.swift; path = Utils.swift; sourceTree = "<group>"; };
		24E3CDD71D1FE7B3001BCDB2 /* Log+Extension.swift */ = {isa = PBXFileReference; fileEncoding = 4; lastKnownFileType = sourcecode.swift; path = "Log+Extension.swift"; sourceTree = "<group>"; };
		24E3CDD81D1FE7B3001BCDB2 /* Log.swift */ = {isa = PBXFileReference; fileEncoding = 4; lastKnownFileType = sourcecode.swift; path = Log.swift; sourceTree = "<group>"; };
		24E3CDD91D1FE7B3001BCDB2 /* NativeLogProcessor.swift */ = {isa = PBXFileReference; fileEncoding = 4; lastKnownFileType = sourcecode.swift; path = NativeLogProcessor.swift; sourceTree = "<group>"; };
		24E3CDDA1D1FE7B3001BCDB2 /* Observable+Log.swift */ = {isa = PBXFileReference; fileEncoding = 4; lastKnownFileType = sourcecode.swift; path = "Observable+Log.swift"; sourceTree = "<group>"; };
		24E3CDDC1D1FE7B3001BCDB2 /* JsonMappingConverter.swift */ = {isa = PBXFileReference; fileEncoding = 4; lastKnownFileType = sourcecode.swift; path = JsonMappingConverter.swift; sourceTree = "<group>"; };
		24E3CDE51D1FE7B3001BCDB2 /* RequestType.swift */ = {isa = PBXFileReference; fileEncoding = 4; lastKnownFileType = sourcecode.swift; path = RequestType.swift; sourceTree = "<group>"; };
		24E3CDEA1D1FE7B3001BCDB2 /* MemoryStore.swift */ = {isa = PBXFileReference; fileEncoding = 4; lastKnownFileType = sourcecode.swift; path = MemoryStore.swift; sourceTree = "<group>"; };
		24E3CDEC1D1FE7B3001BCDB2 /* StoreDataProvider+Async.swift */ = {isa = PBXFileReference; fileEncoding = 4; lastKnownFileType = sourcecode.swift; path = "StoreDataProvider+Async.swift"; sourceTree = "<group>"; };
		24E3CDED1D1FE7B3001BCDB2 /* StoreDataProvider.swift */ = {isa = PBXFileReference; fileEncoding = 4; lastKnownFileType = sourcecode.swift; path = StoreDataProvider.swift; sourceTree = "<group>"; };
		24E3CDEE1D1FE7B3001BCDB2 /* StoreType+Background.swift */ = {isa = PBXFileReference; fileEncoding = 4; lastKnownFileType = sourcecode.swift; path = "StoreType+Background.swift"; sourceTree = "<group>"; };
		24E3CDEF1D1FE7B3001BCDB2 /* StoreType.swift */ = {isa = PBXFileReference; fileEncoding = 4; lastKnownFileType = sourcecode.swift; path = StoreType.swift; sourceTree = "<group>"; };
		24E3CDF01D1FE7B3001BCDB2 /* Store+Transform.swift */ = {isa = PBXFileReference; fileEncoding = 4; lastKnownFileType = sourcecode.swift; path = "Store+Transform.swift"; sourceTree = "<group>"; };
		24E3CDF11D1FE7B3001BCDB2 /* UserDefaultsStore.swift */ = {isa = PBXFileReference; fileEncoding = 4; lastKnownFileType = sourcecode.swift; path = UserDefaultsStore.swift; sourceTree = "<group>"; };
		24E5C2D01D209E7F0098AB3A /* ImageSourceType.swift */ = {isa = PBXFileReference; fileEncoding = 4; lastKnownFileType = sourcecode.swift; path = ImageSourceType.swift; sourceTree = "<group>"; };
		24E5C2DE1D20A2010098AB3A /* ImagePlugin.swift */ = {isa = PBXFileReference; fileEncoding = 4; lastKnownFileType = sourcecode.swift; path = ImagePlugin.swift; sourceTree = "<group>"; };
		24E5C2E31D20A28F0098AB3A /* ImageLoader.swift */ = {isa = PBXFileReference; fileEncoding = 4; lastKnownFileType = sourcecode.swift; path = ImageLoader.swift; sourceTree = "<group>"; };
		24E67FBE1D6C977500C6913F /* JsonStringConvertible.swift */ = {isa = PBXFileReference; fileEncoding = 4; lastKnownFileType = sourcecode.swift; path = JsonStringConvertible.swift; sourceTree = "<group>"; };
		24E714E31D57C7B100B66ABD /* TableViewManager+Extension.swift */ = {isa = PBXFileReference; fileEncoding = 4; lastKnownFileType = sourcecode.swift; path = "TableViewManager+Extension.swift"; sourceTree = "<group>"; };
		24E94A2E1D5B705C0045C4A5 /* Array+ListDataProviderType.swift */ = {isa = PBXFileReference; fileEncoding = 4; lastKnownFileType = sourcecode.swift; path = "Array+ListDataProviderType.swift"; sourceTree = "<group>"; };
		24EA99711D481F3C00AEF2B1 /* ViewsProvider.swift */ = {isa = PBXFileReference; fileEncoding = 4; lastKnownFileType = sourcecode.swift; path = ViewsProvider.swift; sourceTree = "<group>"; };
		24EB57CD1D2C0E8A0062DDDB /* EmptyRouter.swift */ = {isa = PBXFileReference; fileEncoding = 4; lastKnownFileType = sourcecode.swift; path = EmptyRouter.swift; sourceTree = "<group>"; };
		24EB57CE1D2C0E8A0062DDDB /* RouterType.swift */ = {isa = PBXFileReference; fileEncoding = 4; lastKnownFileType = sourcecode.swift; path = RouterType.swift; sourceTree = "<group>"; };
		24EB57D01D2C0E8A0062DDDB /* ModuleTransitionHandler.swift */ = {isa = PBXFileReference; fileEncoding = 4; lastKnownFileType = sourcecode.swift; path = ModuleTransitionHandler.swift; sourceTree = "<group>"; };
		24EB57D11D2C0E8A0062DDDB /* UIViewController+ModuleTransitionHandler.swift */ = {isa = PBXFileReference; fileEncoding = 4; lastKnownFileType = sourcecode.swift; path = "UIViewController+ModuleTransitionHandler.swift"; sourceTree = "<group>"; };
		24EB57D31D2C0E8A0062DDDB /* ModuleViewModel.swift */ = {isa = PBXFileReference; fileEncoding = 4; lastKnownFileType = sourcecode.swift; path = ModuleViewModel.swift; sourceTree = "<group>"; };
		24EB57D51D2C0E8A0062DDDB /* ViewModelType.swift */ = {isa = PBXFileReference; fileEncoding = 4; lastKnownFileType = sourcecode.swift; path = ViewModelType.swift; sourceTree = "<group>"; };
		24EB57D61D2C0E8A0062DDDB /* ViewPresenterType.swift */ = {isa = PBXFileReference; fileEncoding = 4; lastKnownFileType = sourcecode.swift; path = ViewPresenterType.swift; sourceTree = "<group>"; };
		24EB57E71D2C229C0062DDDB /* SomaViewController.swift */ = {isa = PBXFileReference; fileEncoding = 4; lastKnownFileType = sourcecode.swift; path = SomaViewController.swift; sourceTree = "<group>"; };
		24EB57E91D2C25920062DDDB /* ModuleViewController.swift */ = {isa = PBXFileReference; fileEncoding = 4; lastKnownFileType = sourcecode.swift; path = ModuleViewController.swift; sourceTree = "<group>"; };
		24EB57EC1D2C2C0F0062DDDB /* UiBindable.swift */ = {isa = PBXFileReference; fileEncoding = 4; lastKnownFileType = sourcecode.swift; path = UiBindable.swift; sourceTree = "<group>"; };
		24EB57EE1D2C2DC40062DDDB /* SomaUIBindable.swift */ = {isa = PBXFileReference; fileEncoding = 4; lastKnownFileType = sourcecode.swift; path = SomaUIBindable.swift; sourceTree = "<group>"; };
		24F3CF551D6BA5D8004C0AAF /* AbstractApiRequest.swift */ = {isa = PBXFileReference; fileEncoding = 4; lastKnownFileType = sourcecode.swift; path = AbstractApiRequest.swift; sourceTree = "<group>"; };
		24F600C01DCDF22500107699 /* Store.swift */ = {isa = PBXFileReference; fileEncoding = 4; lastKnownFileType = sourcecode.swift; path = Store.swift; sourceTree = "<group>"; };
		24FFC0181DCC9B450026CA83 /* CachingKeyProvider.swift */ = {isa = PBXFileReference; fileEncoding = 4; lastKnownFileType = sourcecode.swift; path = CachingKeyProvider.swift; sourceTree = "<group>"; };
		24FFC0191DCC9B450026CA83 /* ObservableConvertibleType+Cache.swift */ = {isa = PBXFileReference; fileEncoding = 4; lastKnownFileType = sourcecode.swift; path = "ObservableConvertibleType+Cache.swift"; sourceTree = "<group>"; };
		24FFC01A1DCC9B450026CA83 /* StringCachingKeyProvider.swift */ = {isa = PBXFileReference; fileEncoding = 4; lastKnownFileType = sourcecode.swift; path = StringCachingKeyProvider.swift; sourceTree = "<group>"; };
		24FFC01F1DCC9E9B0026CA83 /* NibsFactory.swift */ = {isa = PBXFileReference; fileEncoding = 4; lastKnownFileType = sourcecode.swift; path = NibsFactory.swift; sourceTree = "<group>"; };
		24FFC0201DCC9E9B0026CA83 /* StoryboardFactory.swift */ = {isa = PBXFileReference; fileEncoding = 4; lastKnownFileType = sourcecode.swift; path = StoryboardFactory.swift; sourceTree = "<group>"; };
		24FFC0241DCCA2B20026CA83 /* SomaProxy.h */ = {isa = PBXFileReference; fileEncoding = 4; lastKnownFileType = sourcecode.c.h; path = SomaProxy.h; sourceTree = "<group>"; };
		24FFC0251DCCA2B20026CA83 /* SomaProxy.m */ = {isa = PBXFileReference; fileEncoding = 4; lastKnownFileType = sourcecode.c.objc; path = SomaProxy.m; sourceTree = "<group>"; };
		42956B8F15DB5942D9E3CAB4 /* Pods_SomaKit.framework */ = {isa = PBXFileReference; explicitFileType = wrapper.framework; includeInIndex = 0; path = Pods_SomaKit.framework; sourceTree = BUILT_PRODUCTS_DIR; };
		52251226EA2BC454904777B7 /* Pods-SomaKit.release.xcconfig */ = {isa = PBXFileReference; includeInIndex = 1; lastKnownFileType = text.xcconfig; name = "Pods-SomaKit.release.xcconfig"; path = "Pods/Target Support Files/Pods-SomaKit/Pods-SomaKit.release.xcconfig"; sourceTree = "<group>"; };
		7A0120809CF5D00DCB32AAA7 /* Pods-SomaKit.debug.xcconfig */ = {isa = PBXFileReference; includeInIndex = 1; lastKnownFileType = text.xcconfig; name = "Pods-SomaKit.debug.xcconfig"; path = "Pods/Target Support Files/Pods-SomaKit/Pods-SomaKit.debug.xcconfig"; sourceTree = "<group>"; };
/* End PBXFileReference section */

/* Begin PBXFrameworksBuildPhase section */
		24E3CDA51D1FE753001BCDB2 /* Frameworks */ = {
			isa = PBXFrameworksBuildPhase;
			buildActionMask = 2147483647;
			files = (
				6AF3BA1EDD5E1C849FA7035A /* Pods_SomaKit.framework in Frameworks */,
			);
			runOnlyForDeploymentPostprocessing = 0;
		};
/* End PBXFrameworksBuildPhase section */

/* Begin PBXGroup section */
		241B94891D6932B00008D22F /* Api */ = {
			isa = PBXGroup;
			children = (
				241B948A1D6932B00008D22F /* AlamoRequestManager.swift */,
				24F3CF551D6BA5D8004C0AAF /* AbstractApiRequest.swift */,
				241AF7D21D6A14BA004A8114 /* ApiRequestBase.swift */,
				24E2C0831D6A406A001025CA /* ApiPartBase.swift */,
			);
			path = Api;
			sourceTree = "<group>";
		};
		24468C0C1D455AC3003E1344 /* TableView */ = {
			isa = PBXGroup;
			children = (
				24468C0D1D455AE4003E1344 /* TableElementAttributesType.swift */,
				24468C0F1D455B42003E1344 /* TableElementAttributesCache.swift */,
				2457267E1D4A2B7600D9FC63 /* TableElementPresenter.swift */,
				242B3FFD1D4BD1350010C3CB /* TableElementPresenterType.swift */,
				245726821D4A625100D9FC63 /* TableViewSection.swift */,
				242B3FFF1D4BD6400010C3CB /* TableSectionElementsAttributes.swift */,
				245726801D4A550A00D9FC63 /* TableViewManager.swift */,
				24E714E31D57C7B100B66ABD /* TableViewManager+Extension.swift */,
				242EE3241D47BB990024F9AE /* TableElementsProvider.swift */,
				242DAE461D57DCB700260816 /* TableElementsProvider+Extension.swift */,
			);
			path = TableView;
			sourceTree = "<group>";
		};
		246F72621D593B74004FF101 /* ListDataProvider */ = {
			isa = PBXGroup;
			children = (
				246F72631D593B74004FF101 /* AbstractPagedDataProvider.swift */,
				242FBE4B1D72F98E0096FB62 /* PagedDataProvider.swift */,
				246F72651D593B8C004FF101 /* ListDataProviderType.swift */,
				24E94A2E1D5B705C0045C4A5 /* Array+ListDataProviderType.swift */,
				24E3480D1D5BDA4100A926B6 /* ItemsPageType.swift */,
				2432D03D1D6F7ECC0020844B /* AnchoredPageType.swift */,
				2432D03F1D6F80280020844B /* AbstractAnchoredPagedDataProvider.swift */,
				242FBE4D1D72FC5A0096FB62 /* AnchoredPagedDataProvider.swift */,
			);
			path = ListDataProvider;
			sourceTree = "<group>";
		};
		24E3CD9F1D1FE753001BCDB2 = {
			isa = PBXGroup;
			children = (
				24E3CDAB1D1FE753001BCDB2 /* SomaKit */,
				24E3CDAA1D1FE753001BCDB2 /* Products */,
				F11808E2BFAD191206C1ADBC /* Pods */,
				4FA14D6864D75A2735BDA133 /* Frameworks */,
			);
			sourceTree = "<group>";
		};
		24E3CDAA1D1FE753001BCDB2 /* Products */ = {
			isa = PBXGroup;
			children = (
				24E3CDA91D1FE753001BCDB2 /* SomaKit.framework */,
			);
			name = Products;
			sourceTree = "<group>";
		};
		24E3CDAB1D1FE753001BCDB2 /* SomaKit */ = {
			isa = PBXGroup;
			children = (
				24E5C2C11D2097CE0098AB3A /* Components */,
				24E3CDB41D1FE7B3001BCDB2 /* Core */,
				24E3CDAC1D1FE753001BCDB2 /* SomaKit.h */,
				24E3CDAE1D1FE753001BCDB2 /* Info.plist */,
			);
			path = SomaKit;
			sourceTree = "<group>";
		};
		24E3CDB41D1FE7B3001BCDB2 /* Core */ = {
			isa = PBXGroup;
			children = (
				24FFC01E1DCC9E9B0026CA83 /* Factory */,
				24E3CDB51D1FE7B3001BCDB2 /* Cache */,
				24E3CDBC1D1FE7B3001BCDB2 /* Converter */,
				24E3CDC11D1FE7B3001BCDB2 /* DataBase */,
				24E3CDC41D1FE7B3001BCDB2 /* DataProvider */,
				24E3CDCC1D1FE7B3001BCDB2 /* Helpers */,
				24E3CDD61D1FE7B3001BCDB2 /* Log */,
				24E3CDDB1D1FE7B3001BCDB2 /* Mapping */,
				24E3CDDE1D1FE7B3001BCDB2 /* Network */,
				24E3CDE81D1FE7B3001BCDB2 /* Store */,
			);
			path = Core;
			sourceTree = "<group>";
		};
		24E3CDB51D1FE7B3001BCDB2 /* Cache */ = {
			isa = PBXGroup;
			children = (
				24FFC0181DCC9B450026CA83 /* CachingKeyProvider.swift */,
				24FFC01A1DCC9B450026CA83 /* StringCachingKeyProvider.swift */,
				24E3CDB61D1FE7B3001BCDB2 /* CacheableDataProvider.swift */,
				24FFC0191DCC9B450026CA83 /* ObservableConvertibleType+Cache.swift */,
				24E3CDB71D1FE7B3001BCDB2 /* CacheManagedObject.swift */,
				24E3CDB81D1FE7B3001BCDB2 /* CacheBase.swift */,
				24E3CDB91D1FE7B3001BCDB2 /* CacheValue.swift */,
				24E3CDBA1D1FE7B3001BCDB2 /* DatabaseCacheStore.swift */,
				24E3CDBB1D1FE7B3001BCDB2 /* MemoryCache.swift */,
			);
			path = Cache;
			sourceTree = "<group>";
		};
		24E3CDBC1D1FE7B3001BCDB2 /* Converter */ = {
			isa = PBXGroup;
			children = (
				24E3CDBF1D1FE7B3001BCDB2 /* ConverterType.swift */,
				24E3CDC01D1FE7B3001BCDB2 /* SameTypeConverter.swift */,
			);
			path = Converter;
			sourceTree = "<group>";
		};
		24E3CDC11D1FE7B3001BCDB2 /* DataBase */ = {
			isa = PBXGroup;
			children = (
				24E3CDC21D1FE7B3001BCDB2 /* AbstractDatabaseStore.swift */,
			);
			path = DataBase;
			sourceTree = "<group>";
		};
		24E3CDC41D1FE7B3001BCDB2 /* DataProvider */ = {
			isa = PBXGroup;
			children = (
				246F72621D593B74004FF101 /* ListDataProvider */,
				24E3CDC81D1FE7B3001BCDB2 /* DataProviderType.swift */,
			);
			path = DataProvider;
			sourceTree = "<group>";
		};
		24E3CDCC1D1FE7B3001BCDB2 /* Helpers */ = {
			isa = PBXGroup;
			children = (
				24FFC0231DCCA2B20026CA83 /* SomaProxy */,
				24E3CDCD1D1FE7B3001BCDB2 /* Collection+Extension.swift */,
				24E3CDCF1D1FE7B3001BCDB2 /* Rx+Extensions.swift */,
				24E3CDD01D1FE7B3001BCDB2 /* OptionalType.swift */,
				24E3CDD11D1FE7B3001BCDB2 /* SomaError.swift */,
				24E3CDD21D1FE7B3001BCDB2 /* SomaFunc.swift */,
				24E3CDD31D1FE7B3001BCDB2 /* Synchronized.swift */,
				24E3CDD51D1FE7B3001BCDB2 /* Utils.swift */,
				242B40011D4BE0060010C3CB /* Debug.swift */,
				247C0DF91D64B4AD00EF8808 /* TimeHelper.swift */,
				244DCC481DAD22E00051F832 /* Disposable.swift */,
			);
			path = Helpers;
			sourceTree = "<group>";
		};
		24E3CDD61D1FE7B3001BCDB2 /* Log */ = {
			isa = PBXGroup;
			children = (
				24E3CDD71D1FE7B3001BCDB2 /* Log+Extension.swift */,
				24E3CDD81D1FE7B3001BCDB2 /* Log.swift */,
				24E3CDD91D1FE7B3001BCDB2 /* NativeLogProcessor.swift */,
				24E3CDDA1D1FE7B3001BCDB2 /* Observable+Log.swift */,
			);
			path = Log;
			sourceTree = "<group>";
		};
		24E3CDDB1D1FE7B3001BCDB2 /* Mapping */ = {
			isa = PBXGroup;
			children = (
				24E67FBE1D6C977500C6913F /* JsonStringConvertible.swift */,
				24243F0A1D6C9D2400DB2584 /* SomaJsonMappable.swift */,
				24E3CDDC1D1FE7B3001BCDB2 /* JsonMappingConverter.swift */,
				24243F0C1D6CA63F00DB2584 /* UnsafeJsonMappingConverter.swift */,
				242B23731DD23359007EC07D /* JsonMapper.swift */,
				242B23751DD23359007EC07D /* StringMapperType.swift */,
			);
			path = Mapping;
			sourceTree = "<group>";
		};
		24E3CDDE1D1FE7B3001BCDB2 /* Network */ = {
			isa = PBXGroup;
			children = (
				24E3CDE01D1FE7B3001BCDB2 /* Request */,
			);
			path = Network;
			sourceTree = "<group>";
		};
		24E3CDE01D1FE7B3001BCDB2 /* Request */ = {
			isa = PBXGroup;
			children = (
				241B94891D6932B00008D22F /* Api */,
				24E3CDE51D1FE7B3001BCDB2 /* RequestType.swift */,
			);
			path = Request;
			sourceTree = "<group>";
		};
		24E3CDE81D1FE7B3001BCDB2 /* Store */ = {
			isa = PBXGroup;
			children = (
				24E3CDEF1D1FE7B3001BCDB2 /* StoreType.swift */,
				24F600C01DCDF22500107699 /* Store.swift */,
				24E3CDEE1D1FE7B3001BCDB2 /* StoreType+Background.swift */,
				24E3CDEA1D1FE7B3001BCDB2 /* MemoryStore.swift */,
				24E3CDEC1D1FE7B3001BCDB2 /* StoreDataProvider+Async.swift */,
				24E3CDED1D1FE7B3001BCDB2 /* StoreDataProvider.swift */,
				24E3CDF01D1FE7B3001BCDB2 /* Store+Transform.swift */,
				24E3CDF11D1FE7B3001BCDB2 /* UserDefaultsStore.swift */,
				24E2CFB41D21239500967097 /* FakeStore.swift */,
			);
			path = Store;
			sourceTree = "<group>";
		};
		24E5C2C11D2097CE0098AB3A /* Components */ = {
			isa = PBXGroup;
			children = (
				24EB57C41D2C0E8A0062DDDB /* UI */,
				24E5C2CC1D209E7F0098AB3A /* Image */,
			);
			path = Components;
			sourceTree = "<group>";
		};
		24E5C2CC1D209E7F0098AB3A /* Image */ = {
			isa = PBXGroup;
			children = (
				24E5C2E21D20A28F0098AB3A /* ImageLoader */,
				24E5C2CF1D209E7F0098AB3A /* ImageSource */,
				24E5C2DD1D20A2010098AB3A /* ImagePlugin */,
			);
			path = Image;
			sourceTree = "<group>";
		};
		24E5C2CF1D209E7F0098AB3A /* ImageSource */ = {
			isa = PBXGroup;
			children = (
				24E5C2D01D209E7F0098AB3A /* ImageSourceType.swift */,
				24E2CFAE1D21163D00967097 /* BundleImageSource.swift */,
				24E2CFB01D211AE200967097 /* FileImageSource.swift */,
				24E2CFB61D21291500967097 /* NetworkImageSource.swift */,
			);
			path = ImageSource;
			sourceTree = "<group>";
		};
		24E5C2DD1D20A2010098AB3A /* ImagePlugin */ = {
			isa = PBXGroup;
			children = (
				24E5C2DE1D20A2010098AB3A /* ImagePlugin.swift */,
				24E1C0D21D22EB5600533D4E /* ImageResizing.swift */,
				24E1C0D41D22ED3300533D4E /* ImageRounding.swift */,
				24E1C0D61D22F14200533D4E /* ImageFiltering.swift */,
				24E1C0D81D22F48C00533D4E /* ImageBluring.swift */,
			);
			path = ImagePlugin;
			sourceTree = "<group>";
		};
		24E5C2E21D20A28F0098AB3A /* ImageLoader */ = {
			isa = PBXGroup;
			children = (
				24E5C2E31D20A28F0098AB3A /* ImageLoader.swift */,
			);
			path = ImageLoader;
			sourceTree = "<group>";
		};
		24EB57C41D2C0E8A0062DDDB /* UI */ = {
			isa = PBXGroup;
			children = (
				24468C0C1D455AC3003E1344 /* TableView */,
				24EB57EB1D2C2BFC0062DDDB /* UiBindable */,
				24EB57E21D2C187D0062DDDB /* ViewController */,
				24EB57C51D2C0E8A0062DDDB /* Module */,
				24EB57D41D2C0E8A0062DDDB /* ViewModel */,
			);
			path = UI;
			sourceTree = "<group>";
		};
		24EB57C51D2C0E8A0062DDDB /* Module */ = {
			isa = PBXGroup;
			children = (
				24EB57CC1D2C0E8A0062DDDB /* Router */,
				24EB57CF1D2C0E8A0062DDDB /* TransitionHandler */,
				24EB57D21D2C0E8A0062DDDB /* ViewModel */,
			);
			path = Module;
			sourceTree = "<group>";
		};
		24EB57CC1D2C0E8A0062DDDB /* Router */ = {
			isa = PBXGroup;
			children = (
				24EB57CD1D2C0E8A0062DDDB /* EmptyRouter.swift */,
				24EB57CE1D2C0E8A0062DDDB /* RouterType.swift */,
			);
			path = Router;
			sourceTree = "<group>";
		};
		24EB57CF1D2C0E8A0062DDDB /* TransitionHandler */ = {
			isa = PBXGroup;
			children = (
				24EB57D01D2C0E8A0062DDDB /* ModuleTransitionHandler.swift */,
				24EB57D11D2C0E8A0062DDDB /* UIViewController+ModuleTransitionHandler.swift */,
			);
			path = TransitionHandler;
			sourceTree = "<group>";
		};
		24EB57D21D2C0E8A0062DDDB /* ViewModel */ = {
			isa = PBXGroup;
			children = (
				24EB57D31D2C0E8A0062DDDB /* ModuleViewModel.swift */,
			);
			path = ViewModel;
			sourceTree = "<group>";
		};
		24EB57D41D2C0E8A0062DDDB /* ViewModel */ = {
			isa = PBXGroup;
			children = (
				24EB57D51D2C0E8A0062DDDB /* ViewModelType.swift */,
				24EB57D61D2C0E8A0062DDDB /* ViewPresenterType.swift */,
				24EA99711D481F3C00AEF2B1 /* ViewsProvider.swift */,
			);
			path = ViewModel;
			sourceTree = "<group>";
		};
		24EB57E21D2C187D0062DDDB /* ViewController */ = {
			isa = PBXGroup;
			children = (
				24EB57E71D2C229C0062DDDB /* SomaViewController.swift */,
				24EB57E91D2C25920062DDDB /* ModuleViewController.swift */,
				24231EAE1D7C53BD00309D5B /* TableViewBehavior.swift */,
				24231EB01D7C54D800309D5B /* AbstractTableViewController.swift */,
			);
			path = ViewController;
			sourceTree = "<group>";
		};
		24EB57EB1D2C2BFC0062DDDB /* UiBindable */ = {
			isa = PBXGroup;
			children = (
				24EB57EC1D2C2C0F0062DDDB /* UiBindable.swift */,
				24EB57EE1D2C2DC40062DDDB /* SomaUIBindable.swift */,
			);
			path = UiBindable;
			sourceTree = "<group>";
		};
		24FFC01E1DCC9E9B0026CA83 /* Factory */ = {
			isa = PBXGroup;
			children = (
				24FFC01F1DCC9E9B0026CA83 /* NibsFactory.swift */,
				24FFC0201DCC9E9B0026CA83 /* StoryboardFactory.swift */,
			);
			path = Factory;
			sourceTree = "<group>";
		};
		24FFC0231DCCA2B20026CA83 /* SomaProxy */ = {
			isa = PBXGroup;
			children = (
				24FFC0241DCCA2B20026CA83 /* SomaProxy.h */,
				24FFC0251DCCA2B20026CA83 /* SomaProxy.m */,
			);
			path = SomaProxy;
			sourceTree = "<group>";
		};
		4FA14D6864D75A2735BDA133 /* Frameworks */ = {
			isa = PBXGroup;
			children = (
				42956B8F15DB5942D9E3CAB4 /* Pods_SomaKit.framework */,
			);
			name = Frameworks;
			sourceTree = "<group>";
		};
		F11808E2BFAD191206C1ADBC /* Pods */ = {
			isa = PBXGroup;
			children = (
				7A0120809CF5D00DCB32AAA7 /* Pods-SomaKit.debug.xcconfig */,
				52251226EA2BC454904777B7 /* Pods-SomaKit.release.xcconfig */,
			);
			name = Pods;
			sourceTree = "<group>";
		};
/* End PBXGroup section */

/* Begin PBXHeadersBuildPhase section */
		24E3CDA61D1FE753001BCDB2 /* Headers */ = {
			isa = PBXHeadersBuildPhase;
			buildActionMask = 2147483647;
			files = (
				24E3CDAD1D1FE753001BCDB2 /* SomaKit.h in Headers */,
				24FFC0261DCCA2B20026CA83 /* SomaProxy.h in Headers */,
			);
			runOnlyForDeploymentPostprocessing = 0;
		};
/* End PBXHeadersBuildPhase section */

/* Begin PBXNativeTarget section */
		24E3CDA81D1FE753001BCDB2 /* SomaKit */ = {
			isa = PBXNativeTarget;
			buildConfigurationList = 24E3CDB11D1FE753001BCDB2 /* Build configuration list for PBXNativeTarget "SomaKit" */;
			buildPhases = (
				3B38FA1560233CB7F042EE4D /* [CP] Check Pods Manifest.lock */,
				24E3CDA41D1FE753001BCDB2 /* Sources */,
				24E3CDA51D1FE753001BCDB2 /* Frameworks */,
				24E3CDA61D1FE753001BCDB2 /* Headers */,
				24E3CDA71D1FE753001BCDB2 /* Resources */,
				1A887249A33BC78EB2A96014 /* [CP] Copy Pods Resources */,
			);
			buildRules = (
			);
			dependencies = (
			);
			name = SomaKit;
			productName = SomaKit;
			productReference = 24E3CDA91D1FE753001BCDB2 /* SomaKit.framework */;
			productType = "com.apple.product-type.framework";
		};
/* End PBXNativeTarget section */

/* Begin PBXProject section */
		24E3CDA01D1FE753001BCDB2 /* Project object */ = {
			isa = PBXProject;
			attributes = {
				LastUpgradeCheck = 0800;
				ORGANIZATIONNAME = iON1k;
				TargetAttributes = {
					24E3CDA81D1FE753001BCDB2 = {
						CreatedOnToolsVersion = 7.3.1;
						LastSwiftMigration = 0800;
					};
				};
			};
			buildConfigurationList = 24E3CDA31D1FE753001BCDB2 /* Build configuration list for PBXProject "SomaKit" */;
			compatibilityVersion = "Xcode 3.2";
			developmentRegion = English;
			hasScannedForEncodings = 0;
			knownRegions = (
				en,
			);
			mainGroup = 24E3CD9F1D1FE753001BCDB2;
			productRefGroup = 24E3CDAA1D1FE753001BCDB2 /* Products */;
			projectDirPath = "";
			projectRoot = "";
			targets = (
				24E3CDA81D1FE753001BCDB2 /* SomaKit */,
			);
		};
/* End PBXProject section */

/* Begin PBXResourcesBuildPhase section */
		24E3CDA71D1FE753001BCDB2 /* Resources */ = {
			isa = PBXResourcesBuildPhase;
			buildActionMask = 2147483647;
			files = (
			);
			runOnlyForDeploymentPostprocessing = 0;
		};
/* End PBXResourcesBuildPhase section */

/* Begin PBXShellScriptBuildPhase section */
		1A887249A33BC78EB2A96014 /* [CP] Copy Pods Resources */ = {
			isa = PBXShellScriptBuildPhase;
			buildActionMask = 2147483647;
			files = (
			);
			inputPaths = (
			);
			name = "[CP] Copy Pods Resources";
			outputPaths = (
			);
			runOnlyForDeploymentPostprocessing = 0;
			shellPath = /bin/sh;
			shellScript = "\"${SRCROOT}/Pods/Target Support Files/Pods-SomaKit/Pods-SomaKit-resources.sh\"\n";
			showEnvVarsInLog = 0;
		};
		3B38FA1560233CB7F042EE4D /* [CP] Check Pods Manifest.lock */ = {
			isa = PBXShellScriptBuildPhase;
			buildActionMask = 2147483647;
			files = (
			);
			inputPaths = (
			);
			name = "[CP] Check Pods Manifest.lock";
			outputPaths = (
			);
			runOnlyForDeploymentPostprocessing = 0;
			shellPath = /bin/sh;
			shellScript = "diff \"${PODS_ROOT}/../Podfile.lock\" \"${PODS_ROOT}/Manifest.lock\" > /dev/null\nif [[ $? != 0 ]] ; then\n    cat << EOM\nerror: The sandbox is not in sync with the Podfile.lock. Run 'pod install' or update your CocoaPods installation.\nEOM\n    exit 1\nfi\n";
			showEnvVarsInLog = 0;
		};
/* End PBXShellScriptBuildPhase section */

/* Begin PBXSourcesBuildPhase section */
		24E3CDA41D1FE753001BCDB2 /* Sources */ = {
			isa = PBXSourcesBuildPhase;
			buildActionMask = 2147483647;
			files = (
				24E3CE0A1D1FE7B3001BCDB2 /* Synchronized.swift in Sources */,
				24E3CE181D1FE7B3001BCDB2 /* RequestType.swift in Sources */,
				24E3CE0C1D1FE7B3001BCDB2 /* Utils.swift in Sources */,
				24E3CE071D1FE7B3001BCDB2 /* OptionalType.swift in Sources */,
				24E3CDF61D1FE7B3001BCDB2 /* DatabaseCacheStore.swift in Sources */,
				24E2CFB11D211AE200967097 /* FileImageSource.swift in Sources */,
				24EB57E81D2C229C0062DDDB /* SomaViewController.swift in Sources */,
				24EB57EA1D2C25920062DDDB /* ModuleViewController.swift in Sources */,
				24EB57ED1D2C2C0F0062DDDB /* UiBindable.swift in Sources */,
				24E3CE211D1FE7B3001BCDB2 /* Store+Transform.swift in Sources */,
				247C0DFA1D64B4AD00EF8808 /* TimeHelper.swift in Sources */,
				24FFC0211DCC9E9B0026CA83 /* NibsFactory.swift in Sources */,
				24F3CF561D6BA5D8004C0AAF /* AbstractApiRequest.swift in Sources */,
				24EB57EF1D2C2DC40062DDDB /* SomaUIBindable.swift in Sources */,
				24E3CDF51D1FE7B3001BCDB2 /* CacheValue.swift in Sources */,
				242B23761DD23359007EC07D /* JsonMapper.swift in Sources */,
				24E3CE091D1FE7B3001BCDB2 /* SomaFunc.swift in Sources */,
				24E5C2DF1D20A2010098AB3A /* ImagePlugin.swift in Sources */,
				24E2CFB71D21291500967097 /* NetworkImageSource.swift in Sources */,
				24E3CDFC1D1FE7B3001BCDB2 /* AbstractDatabaseStore.swift in Sources */,
				2432D0401D6F80280020844B /* AbstractAnchoredPagedDataProvider.swift in Sources */,
				24E3CE0D1D1FE7B3001BCDB2 /* Log+Extension.swift in Sources */,
				2457267F1D4A2B7600D9FC63 /* TableElementPresenter.swift in Sources */,
				242EE3251D47BB990024F9AE /* TableElementsProvider.swift in Sources */,
				245726831D4A625100D9FC63 /* TableViewSection.swift in Sources */,
				24FFC0221DCC9E9B0026CA83 /* StoryboardFactory.swift in Sources */,
				244DCC491DAD22E00051F832 /* Disposable.swift in Sources */,
				24E714E41D57C7B100B66ABD /* TableViewManager+Extension.swift in Sources */,
				24EB57DB1D2C0E8A0062DDDB /* EmptyRouter.swift in Sources */,
				24EB57DF1D2C0E8A0062DDDB /* ModuleViewModel.swift in Sources */,
				24E2CFAF1D21163D00967097 /* BundleImageSource.swift in Sources */,
				24468C0E1D455AE4003E1344 /* TableElementAttributesType.swift in Sources */,
				24243F0D1D6CA63F00DB2584 /* UnsafeJsonMappingConverter.swift in Sources */,
				24E1C0D31D22EB5600533D4E /* ImageResizing.swift in Sources */,
				24EA99721D481F3C00AEF2B1 /* ViewsProvider.swift in Sources */,
				24E3480E1D5BDA4100A926B6 /* ItemsPageType.swift in Sources */,
				246F72641D593B74004FF101 /* AbstractPagedDataProvider.swift in Sources */,
				24E2CFB51D21239500967097 /* FakeStore.swift in Sources */,
				24E3CDF21D1FE7B3001BCDB2 /* CacheableDataProvider.swift in Sources */,
				242FBE4E1D72FC5A0096FB62 /* AnchoredPagedDataProvider.swift in Sources */,
				24FFC01B1DCC9B450026CA83 /* CachingKeyProvider.swift in Sources */,
				24E67FBF1D6C977500C6913F /* JsonStringConvertible.swift in Sources */,
				24E3CDFB1D1FE7B3001BCDB2 /* SameTypeConverter.swift in Sources */,
				242B40021D4BE0060010C3CB /* Debug.swift in Sources */,
				24E3CDF71D1FE7B3001BCDB2 /* MemoryCache.swift in Sources */,
				242B40001D4BD6400010C3CB /* TableSectionElementsAttributes.swift in Sources */,
				24E2C0841D6A406A001025CA /* ApiPartBase.swift in Sources */,
				24E3CE1E1D1FE7B3001BCDB2 /* StoreDataProvider.swift in Sources */,
				24FFC01C1DCC9B450026CA83 /* ObservableConvertibleType+Cache.swift in Sources */,
				24E3CDF41D1FE7B3001BCDB2 /* CacheBase.swift in Sources */,
				24468C101D455B42003E1344 /* TableElementAttributesCache.swift in Sources */,
				24E1C0D71D22F14200533D4E /* ImageFiltering.swift in Sources */,
				24EB57E11D2C0E8A0062DDDB /* ViewPresenterType.swift in Sources */,
				24231EAF1D7C53BD00309D5B /* TableViewBehavior.swift in Sources */,
				24E5C2E41D20A28F0098AB3A /* ImageLoader.swift in Sources */,
				24E94A2F1D5B705C0045C4A5 /* Array+ListDataProviderType.swift in Sources */,
				24E3CE081D1FE7B3001BCDB2 /* SomaError.swift in Sources */,
				24FFC0271DCCA2B20026CA83 /* SomaProxy.m in Sources */,
				242DAE471D57DCB800260816 /* TableElementsProvider+Extension.swift in Sources */,
				24E3CE111D1FE7B3001BCDB2 /* JsonMappingConverter.swift in Sources */,
				24F600C11DCDF22500107699 /* Store.swift in Sources */,
				24E3CE041D1FE7B3001BCDB2 /* Collection+Extension.swift in Sources */,
				24E1C0D51D22ED3300533D4E /* ImageRounding.swift in Sources */,
				24E1C0D91D22F48C00533D4E /* ImageBluring.swift in Sources */,
				24EB57DD1D2C0E8A0062DDDB /* ModuleTransitionHandler.swift in Sources */,
				242B3FFE1D4BD1350010C3CB /* TableElementPresenterType.swift in Sources */,
				24E3CE101D1FE7B3001BCDB2 /* Observable+Log.swift in Sources */,
				24EB57DE1D2C0E8A0062DDDB /* UIViewController+ModuleTransitionHandler.swift in Sources */,
				24E3CE221D1FE7B3001BCDB2 /* UserDefaultsStore.swift in Sources */,
				24E3CE201D1FE7B3001BCDB2 /* StoreType.swift in Sources */,
				24E3CE061D1FE7B3001BCDB2 /* Rx+Extensions.swift in Sources */,
				242B23781DD23359007EC07D /* StringMapperType.swift in Sources */,
				24E3CE1F1D1FE7B3001BCDB2 /* StoreType+Background.swift in Sources */,
				24E5C2D41D209E7F0098AB3A /* ImageSourceType.swift in Sources */,
				24E3CDFA1D1FE7B3001BCDB2 /* ConverterType.swift in Sources */,
				24E3CE0F1D1FE7B3001BCDB2 /* NativeLogProcessor.swift in Sources */,
				24243F0B1D6C9D2400DB2584 /* SomaJsonMappable.swift in Sources */,
				24E3CE1B1D1FE7B3001BCDB2 /* MemoryStore.swift in Sources */,
				24FFC01D1DCC9B450026CA83 /* StringCachingKeyProvider.swift in Sources */,
				24EB57E01D2C0E8A0062DDDB /* ViewModelType.swift in Sources */,
				24231EB11D7C54D800309D5B /* AbstractTableViewController.swift in Sources */,
				24E3CE001D1FE7B3001BCDB2 /* DataProviderType.swift in Sources */,
				246F72661D593B8C004FF101 /* ListDataProviderType.swift in Sources */,
				245726811D4A550A00D9FC63 /* TableViewManager.swift in Sources */,
				24EB57DC1D2C0E8A0062DDDB /* RouterType.swift in Sources */,
				24E3CDF31D1FE7B3001BCDB2 /* CacheManagedObject.swift in Sources */,
				24E3CE0E1D1FE7B3001BCDB2 /* Log.swift in Sources */,
				24E3CE1D1D1FE7B3001BCDB2 /* StoreDataProvider+Async.swift in Sources */,
				241B948D1D6932B00008D22F /* AlamoRequestManager.swift in Sources */,
				241AF7D31D6A14BA004A8114 /* ApiRequestBase.swift in Sources */,
				2432D03E1D6F7ECC0020844B /* AnchoredPageType.swift in Sources */,
				242FBE4C1D72F98E0096FB62 /* PagedDataProvider.swift in Sources */,
			);
			runOnlyForDeploymentPostprocessing = 0;
		};
/* End PBXSourcesBuildPhase section */

/* Begin XCBuildConfiguration section */
		24E3CDAF1D1FE753001BCDB2 /* Debug */ = {
			isa = XCBuildConfiguration;
			buildSettings = {
				ALWAYS_SEARCH_USER_PATHS = NO;
				CLANG_ANALYZER_NONNULL = YES;
				CLANG_CXX_LANGUAGE_STANDARD = "gnu++0x";
				CLANG_CXX_LIBRARY = "libc++";
				CLANG_ENABLE_MODULES = YES;
				CLANG_ENABLE_OBJC_ARC = YES;
				CLANG_WARN_BOOL_CONVERSION = YES;
				CLANG_WARN_CONSTANT_CONVERSION = YES;
				CLANG_WARN_DIRECT_OBJC_ISA_USAGE = YES_ERROR;
				CLANG_WARN_EMPTY_BODY = YES;
				CLANG_WARN_ENUM_CONVERSION = YES;
				CLANG_WARN_INFINITE_RECURSION = YES;
				CLANG_WARN_INT_CONVERSION = YES;
				CLANG_WARN_OBJC_ROOT_CLASS = YES_ERROR;
				CLANG_WARN_SUSPICIOUS_MOVE = YES;
				CLANG_WARN_UNREACHABLE_CODE = YES;
				CLANG_WARN__DUPLICATE_METHOD_MATCH = YES;
				"CODE_SIGN_IDENTITY[sdk=iphoneos*]" = "iPhone Developer";
				COPY_PHASE_STRIP = NO;
				CURRENT_PROJECT_VERSION = 1;
				DEBUG_INFORMATION_FORMAT = dwarf;
				ENABLE_STRICT_OBJC_MSGSEND = YES;
				ENABLE_TESTABILITY = YES;
				GCC_C_LANGUAGE_STANDARD = gnu99;
				GCC_DYNAMIC_NO_PIC = NO;
				GCC_NO_COMMON_BLOCKS = YES;
				GCC_OPTIMIZATION_LEVEL = 0;
				GCC_PREPROCESSOR_DEFINITIONS = (
					"DEBUG=1",
					"$(inherited)",
				);
				GCC_WARN_64_TO_32_BIT_CONVERSION = YES;
				GCC_WARN_ABOUT_RETURN_TYPE = YES_ERROR;
				GCC_WARN_UNDECLARED_SELECTOR = YES;
				GCC_WARN_UNINITIALIZED_AUTOS = YES_AGGRESSIVE;
				GCC_WARN_UNUSED_FUNCTION = YES;
				GCC_WARN_UNUSED_VARIABLE = YES;
				IPHONEOS_DEPLOYMENT_TARGET = 9.0;
				MTL_ENABLE_DEBUG_INFO = YES;
				ONLY_ACTIVE_ARCH = YES;
				SDKROOT = iphoneos;
				SWIFT_OPTIMIZATION_LEVEL = "-Onone";
				TARGETED_DEVICE_FAMILY = "1,2";
				VERSIONING_SYSTEM = "apple-generic";
				VERSION_INFO_PREFIX = "";
			};
			name = Debug;
		};
		24E3CDB01D1FE753001BCDB2 /* Release */ = {
			isa = XCBuildConfiguration;
			buildSettings = {
				ALWAYS_SEARCH_USER_PATHS = NO;
				CLANG_ANALYZER_NONNULL = YES;
				CLANG_CXX_LANGUAGE_STANDARD = "gnu++0x";
				CLANG_CXX_LIBRARY = "libc++";
				CLANG_ENABLE_MODULES = YES;
				CLANG_ENABLE_OBJC_ARC = YES;
				CLANG_WARN_BOOL_CONVERSION = YES;
				CLANG_WARN_CONSTANT_CONVERSION = YES;
				CLANG_WARN_DIRECT_OBJC_ISA_USAGE = YES_ERROR;
				CLANG_WARN_EMPTY_BODY = YES;
				CLANG_WARN_ENUM_CONVERSION = YES;
				CLANG_WARN_INFINITE_RECURSION = YES;
				CLANG_WARN_INT_CONVERSION = YES;
				CLANG_WARN_OBJC_ROOT_CLASS = YES_ERROR;
				CLANG_WARN_SUSPICIOUS_MOVE = YES;
				CLANG_WARN_UNREACHABLE_CODE = YES;
				CLANG_WARN__DUPLICATE_METHOD_MATCH = YES;
				"CODE_SIGN_IDENTITY[sdk=iphoneos*]" = "iPhone Developer";
				COPY_PHASE_STRIP = NO;
				CURRENT_PROJECT_VERSION = 1;
				DEBUG_INFORMATION_FORMAT = "dwarf-with-dsym";
				ENABLE_NS_ASSERTIONS = NO;
				ENABLE_STRICT_OBJC_MSGSEND = YES;
				GCC_C_LANGUAGE_STANDARD = gnu99;
				GCC_NO_COMMON_BLOCKS = YES;
				GCC_WARN_64_TO_32_BIT_CONVERSION = YES;
				GCC_WARN_ABOUT_RETURN_TYPE = YES_ERROR;
				GCC_WARN_UNDECLARED_SELECTOR = YES;
				GCC_WARN_UNINITIALIZED_AUTOS = YES_AGGRESSIVE;
				GCC_WARN_UNUSED_FUNCTION = YES;
				GCC_WARN_UNUSED_VARIABLE = YES;
				IPHONEOS_DEPLOYMENT_TARGET = 9.0;
				MTL_ENABLE_DEBUG_INFO = NO;
				SDKROOT = iphoneos;
				SWIFT_OPTIMIZATION_LEVEL = "-Owholemodule";
				TARGETED_DEVICE_FAMILY = "1,2";
				VALIDATE_PRODUCT = YES;
				VERSIONING_SYSTEM = "apple-generic";
				VERSION_INFO_PREFIX = "";
			};
			name = Release;
		};
		24E3CDB21D1FE753001BCDB2 /* Debug */ = {
			isa = XCBuildConfiguration;
			baseConfigurationReference = 7A0120809CF5D00DCB32AAA7 /* Pods-SomaKit.debug.xcconfig */;
			buildSettings = {
				ALWAYS_EMBED_SWIFT_STANDARD_LIBRARIES = YES;
				CLANG_ENABLE_MODULES = YES;
				"CODE_SIGN_IDENTITY[sdk=iphoneos*]" = "";
				DEFINES_MODULE = YES;
				DYLIB_COMPATIBILITY_VERSION = 1;
				DYLIB_CURRENT_VERSION = 1;
				DYLIB_INSTALL_NAME_BASE = "@rpath";
				INFOPLIST_FILE = SomaKit/Info.plist;
				INSTALL_PATH = "$(LOCAL_LIBRARY_DIR)/Frameworks";
				LD_RUNPATH_SEARCH_PATHS = "$(inherited) @executable_path/Frameworks @loader_path/Frameworks";
				PRODUCT_BUNDLE_IDENTIFIER = com.iON1k.SomaKit;
				PRODUCT_NAME = "$(TARGET_NAME)";
				SKIP_INSTALL = YES;
				SWIFT_OPTIMIZATION_LEVEL = "-Onone";
				SWIFT_VERSION = 3.0;
			};
			name = Debug;
		};
		24E3CDB31D1FE753001BCDB2 /* Release */ = {
			isa = XCBuildConfiguration;
			baseConfigurationReference = 52251226EA2BC454904777B7 /* Pods-SomaKit.release.xcconfig */;
			buildSettings = {
				ALWAYS_EMBED_SWIFT_STANDARD_LIBRARIES = YES;
				CLANG_ENABLE_MODULES = YES;
				"CODE_SIGN_IDENTITY[sdk=iphoneos*]" = "";
				DEFINES_MODULE = YES;
				DYLIB_COMPATIBILITY_VERSION = 1;
				DYLIB_CURRENT_VERSION = 1;
				DYLIB_INSTALL_NAME_BASE = "@rpath";
				INFOPLIST_FILE = SomaKit/Info.plist;
				INSTALL_PATH = "$(LOCAL_LIBRARY_DIR)/Frameworks";
				LD_RUNPATH_SEARCH_PATHS = "$(inherited) @executable_path/Frameworks @loader_path/Frameworks";
				PRODUCT_BUNDLE_IDENTIFIER = com.iON1k.SomaKit;
				PRODUCT_NAME = "$(TARGET_NAME)";
				SKIP_INSTALL = YES;
				SWIFT_VERSION = 3.0;
			};
			name = Release;
		};
/* End XCBuildConfiguration section */

/* Begin XCConfigurationList section */
		24E3CDA31D1FE753001BCDB2 /* Build configuration list for PBXProject "SomaKit" */ = {
			isa = XCConfigurationList;
			buildConfigurations = (
				24E3CDAF1D1FE753001BCDB2 /* Debug */,
				24E3CDB01D1FE753001BCDB2 /* Release */,
			);
			defaultConfigurationIsVisible = 0;
			defaultConfigurationName = Release;
		};
		24E3CDB11D1FE753001BCDB2 /* Build configuration list for PBXNativeTarget "SomaKit" */ = {
			isa = XCConfigurationList;
			buildConfigurations = (
				24E3CDB21D1FE753001BCDB2 /* Debug */,
				24E3CDB31D1FE753001BCDB2 /* Release */,
			);
			defaultConfigurationIsVisible = 0;
			defaultConfigurationName = Release;
		};
/* End XCConfigurationList section */
	};
	rootObject = 24E3CDA01D1FE753001BCDB2 /* Project object */;
}
